// !$*UTF8*$!
{
	archiveVersion = 1;
	classes = {
	};
	objectVersion = 46;
	objects = {

/* Begin PBXBuildFile section */
		E908D0C31C61D71200F95A8F /* ALAsset.txt in Resources */ = {isa = PBXBuildFile; fileRef = E908D0C21C61D71200F95A8F /* ALAsset.txt */; };
		E908D0C51C61E00900F95A8F /* ALAssetsGroup.txt in Resources */ = {isa = PBXBuildFile; fileRef = E908D0C41C61E00900F95A8F /* ALAssetsGroup.txt */; };
		E908D0C71C61E1CD00F95A8F /* ALAssetsFilter.txt in Resources */ = {isa = PBXBuildFile; fileRef = E908D0C61C61E1CD00F95A8F /* ALAssetsFilter.txt */; };
		E908D0C91C61EFE400F95A8F /* ALAssetsLibrary.txt in Resources */ = {isa = PBXBuildFile; fileRef = E908D0C81C61EFE400F95A8F /* ALAssetsLibrary.txt */; };
		E920DE2D1C50764400F08A9C /* XZAddressBookHelper.m in Sources */ = {isa = PBXBuildFile; fileRef = E920DE2C1C50764400F08A9C /* XZAddressBookHelper.m */; };
		E920DE351C5079C800F08A9C /* XZAddressBookViewController.m in Sources */ = {isa = PBXBuildFile; fileRef = E920DE341C5079C800F08A9C /* XZAddressBookViewController.m */; };
		E920DE3F1C5098BB00F08A9C /* XZAddressBookCell.m in Sources */ = {isa = PBXBuildFile; fileRef = E920DE3D1C5098BB00F08A9C /* XZAddressBookCell.m */; };
		E920DE401C5098BB00F08A9C /* XZAddressBookCell.xib in Resources */ = {isa = PBXBuildFile; fileRef = E920DE3E1C5098BB00F08A9C /* XZAddressBookCell.xib */; };
		E920DE4A1C50B7CB00F08A9C /* XZMonthCalendarViewController.m in Sources */ = {isa = PBXBuildFile; fileRef = E920DE481C50B7CB00F08A9C /* XZMonthCalendarViewController.m */; };
		E920DE4B1C50B7CB00F08A9C /* XZMonthCalendarViewController.xib in Resources */ = {isa = PBXBuildFile; fileRef = E920DE491C50B7CB00F08A9C /* XZMonthCalendarViewController.xib */; };
		E920DE4F1C50BE5C00F08A9C /* XZMonthCalendarCell.m in Sources */ = {isa = PBXBuildFile; fileRef = E920DE4E1C50BE5C00F08A9C /* XZMonthCalendarCell.m */; };
		E920DE581C50CD6D00F08A9C /* XZDayView.m in Sources */ = {isa = PBXBuildFile; fileRef = E920DE571C50CD6D00F08A9C /* XZDayView.m */; };
		E9318B651C51E9380039D357 /* XZTipView.m in Sources */ = {isa = PBXBuildFile; fileRef = E9318B641C51E9380039D357 /* XZTipView.m */; };
		E93821731C59E8B3004F7EC4 /* XZPhotoAlbumViewController.m in Sources */ = {isa = PBXBuildFile; fileRef = E93821711C59E8B3004F7EC4 /* XZPhotoAlbumViewController.m */; };
		E93821741C59E8B3004F7EC4 /* XZPhotoAlbumViewController.xib in Resources */ = {isa = PBXBuildFile; fileRef = E93821721C59E8B3004F7EC4 /* XZPhotoAlbumViewController.xib */; };
		E93821791C59E988004F7EC4 /* XZPhotoAblumCell.m in Sources */ = {isa = PBXBuildFile; fileRef = E93821771C59E988004F7EC4 /* XZPhotoAblumCell.m */; };
		E938217A1C59E988004F7EC4 /* XZPhotoAblumCell.xib in Resources */ = {isa = PBXBuildFile; fileRef = E93821781C59E988004F7EC4 /* XZPhotoAblumCell.xib */; };
		E938218B1C59F167004F7EC4 /* 5.png in Resources */ = {isa = PBXBuildFile; fileRef = E93821861C59F167004F7EC4 /* 5.png */; };
		E938218C1C59F167004F7EC4 /* 4.png in Resources */ = {isa = PBXBuildFile; fileRef = E93821871C59F167004F7EC4 /* 4.png */; };
		E938218D1C59F167004F7EC4 /* 3.png in Resources */ = {isa = PBXBuildFile; fileRef = E93821881C59F167004F7EC4 /* 3.png */; };
		E938218E1C59F167004F7EC4 /* 1.png in Resources */ = {isa = PBXBuildFile; fileRef = E93821891C59F167004F7EC4 /* 1.png */; };
		E938218F1C59F167004F7EC4 /* 2.png in Resources */ = {isa = PBXBuildFile; fileRef = E938218A1C59F167004F7EC4 /* 2.png */; };
		E93821991C5A0B00004F7EC4 /* XZCollectionDemoViewController.m in Sources */ = {isa = PBXBuildFile; fileRef = E93821981C5A0B00004F7EC4 /* XZCollectionDemoViewController.m */; };
		E938219D1C5A0B3F004F7EC4 /* XZCollectionDemoCell.m in Sources */ = {isa = PBXBuildFile; fileRef = E938219C1C5A0B3F004F7EC4 /* XZCollectionDemoCell.m */; };
		E93821A01C5A0B6F004F7EC4 /* XZCollectionLayoutStyleOne.m in Sources */ = {isa = PBXBuildFile; fileRef = E938219F1C5A0B6F004F7EC4 /* XZCollectionLayoutStyleOne.m */; };
		E93821A61C5A0F40004F7EC4 /* XZCollectionLayoutStyleTwo.m in Sources */ = {isa = PBXBuildFile; fileRef = E93821A51C5A0F40004F7EC4 /* XZCollectionLayoutStyleTwo.m */; };
		E93821A91C5A0FF8004F7EC4 /* XZCollectionLayoutStyleThree.m in Sources */ = {isa = PBXBuildFile; fileRef = E93821A81C5A0FF8004F7EC4 /* XZCollectionLayoutStyleThree.m */; };
		E93821AB1C5A15C1004F7EC4 /* TableView不显示多余Cell.txt in Resources */ = {isa = PBXBuildFile; fileRef = E93821AA1C5A15C1004F7EC4 /* TableView不显示多余Cell.txt */; };
		E93821AD1C5A1709004F7EC4 /* TableView索引.txt in Resources */ = {isa = PBXBuildFile; fileRef = E93821AC1C5A1709004F7EC4 /* TableView索引.txt */; };
		E9543EF01C5EF417006D7BEF /* ViewController的生命周期.txt in Resources */ = {isa = PBXBuildFile; fileRef = E9543EEF1C5EF417006D7BEF /* ViewController的生命周期.txt */; };
		E9543EF21C5F0BC9006D7BEF /* Objective-C中关键字.txt in Resources */ = {isa = PBXBuildFile; fileRef = E9543EF11C5F0BC9006D7BEF /* Objective-C中关键字.txt */; };
		E9543EF41C5F0C73006D7BEF /* 单例创建.txt in Resources */ = {isa = PBXBuildFile; fileRef = E9543EF31C5F0C73006D7BEF /* 单例创建.txt */; };
		E9543EF61C5F0FC0006D7BEF /* copy的setter方法.txt in Resources */ = {isa = PBXBuildFile; fileRef = E9543EF51C5F0FC0006D7BEF /* copy的setter方法.txt */; };
		E9543EF81C5F20E3006D7BEF /* 深拷贝与浅拷贝.txt in Resources */ = {isa = PBXBuildFile; fileRef = E9543EF71C5F20E3006D7BEF /* 深拷贝与浅拷贝.txt */; };
		E9543EFA1C5F30B2006D7BEF /* OOP语言三大特征.txt in Resources */ = {isa = PBXBuildFile; fileRef = E9543EF91C5F30B2006D7BEF /* OOP语言三大特征.txt */; };
		E9543EFC1C5F3177006D7BEF /* new和alloc init.txt in Resources */ = {isa = PBXBuildFile; fileRef = E9543EFB1C5F3177006D7BEF /* new和alloc init.txt */; };
		E9543EFE1C5F3954006D7BEF /* BOOL类型.txt in Resources */ = {isa = PBXBuildFile; fileRef = E9543EFD1C5F3954006D7BEF /* BOOL类型.txt */; };
		E9543F001C5F3FAA006D7BEF /* Block使用.txt in Resources */ = {isa = PBXBuildFile; fileRef = E9543EFF1C5F3FAA006D7BEF /* Block使用.txt */; };
		E9543F021C5F45FD006D7BEF /* @synchronized.txt in Resources */ = {isa = PBXBuildFile; fileRef = E9543F011C5F45FD006D7BEF /* @synchronized.txt */; };
		E9543F041C5F480D006D7BEF /* 代理和通知的区别.txt in Resources */ = {isa = PBXBuildFile; fileRef = E9543F031C5F480D006D7BEF /* 代理和通知的区别.txt */; };
		E9543F091C5F4FD4006D7BEF /* 类别和类扩展.txt in Resources */ = {isa = PBXBuildFile; fileRef = E9543F081C5F4FD4006D7BEF /* 类别和类扩展.txt */; };
		E9543F141C5F56B6006D7BEF /* initWithCoder和initWithFrame.txt in Resources */ = {isa = PBXBuildFile; fileRef = E9543F131C5F56B5006D7BEF /* initWithCoder和initWithFrame.txt */; };
		E9543F1F1C5F5CE4006D7BEF /* 单例继承.txt in Resources */ = {isa = PBXBuildFile; fileRef = E9543F1E1C5F5CE4006D7BEF /* 单例继承.txt */; };
		E9543F211C5F5DAB006D7BEF /* Documents、Library、tmp区别.txt in Resources */ = {isa = PBXBuildFile; fileRef = E9543F201C5F5DAB006D7BEF /* Documents、Library、tmp区别.txt */; };
		E96A9E561C60E76F0082AAA0 /* 静态Cell.txt in Resources */ = {isa = PBXBuildFile; fileRef = E96A9E551C60E76F0082AAA0 /* 静态Cell.txt */; };
		E96A9E581C60E7B50082AAA0 /* 枚举.txt in Resources */ = {isa = PBXBuildFile; fileRef = E96A9E571C60E7B50082AAA0 /* 枚举.txt */; };
		E96A9E5A1C60E7CC0082AAA0 /* 使用Size Class适应屏幕旋转.txt in Resources */ = {isa = PBXBuildFile; fileRef = E96A9E591C60E7CC0082AAA0 /* 使用Size Class适应屏幕旋转.txt */; };
		E96A9E5C1C60E7E20082AAA0 /* IOS的生命周期.txt in Resources */ = {isa = PBXBuildFile; fileRef = E96A9E5B1C60E7E20082AAA0 /* IOS的生命周期.txt */; };
		E970066F1C55C96C0071E0E3 /* XZDayCalendarViewController.m in Sources */ = {isa = PBXBuildFile; fileRef = E970066D1C55C96C0071E0E3 /* XZDayCalendarViewController.m */; };
		E97006701C55C96C0071E0E3 /* XZDayCalendarViewController.xib in Resources */ = {isa = PBXBuildFile; fileRef = E970066E1C55C96C0071E0E3 /* XZDayCalendarViewController.xib */; };
		E97006751C55CBF60071E0E3 /* XZDayCalendarCell.m in Sources */ = {isa = PBXBuildFile; fileRef = E97006731C55CBF60071E0E3 /* XZDayCalendarCell.m */; };
		E97006761C55CBF60071E0E3 /* XZDayCalendarCell.xib in Resources */ = {isa = PBXBuildFile; fileRef = E97006741C55CBF60071E0E3 /* XZDayCalendarCell.xib */; };
		E970067A1C5614000071E0E3 /* XZTimeRecordCell.m in Sources */ = {isa = PBXBuildFile; fileRef = E97006781C5614000071E0E3 /* XZTimeRecordCell.m */; };
		E970067B1C5614000071E0E3 /* XZTimeRecordCell.xib in Resources */ = {isa = PBXBuildFile; fileRef = E97006791C5614000071E0E3 /* XZTimeRecordCell.xib */; };
		E984B9BC1C5E178100C00BC7 /* XZPopViewViewController.m in Sources */ = {isa = PBXBuildFile; fileRef = E984B9BB1C5E178100C00BC7 /* XZPopViewViewController.m */; };
		E984B9BF1C5E18FF00C00BC7 /* XZPopView.m in Sources */ = {isa = PBXBuildFile; fileRef = E984B9BE1C5E18FF00C00BC7 /* XZPopView.m */; };
		E984B9C91C5E227700C00BC7 /* 内联函数.txt in Resources */ = {isa = PBXBuildFile; fileRef = E984B9C81C5E227700C00BC7 /* 内联函数.txt */; };
		E99E31FE1C4F1B2E0016D25D /* main.m in Sources */ = {isa = PBXBuildFile; fileRef = E99E31FD1C4F1B2E0016D25D /* main.m */; };
		E99E32011C4F1B2E0016D25D /* AppDelegate.m in Sources */ = {isa = PBXBuildFile; fileRef = E99E32001C4F1B2E0016D25D /* AppDelegate.m */; };
		E99E32091C4F1B2E0016D25D /* Assets.xcassets in Resources */ = {isa = PBXBuildFile; fileRef = E99E32081C4F1B2E0016D25D /* Assets.xcassets */; };
		E99E32171C4F1B2E0016D25D /* XZToolKitTests.m in Sources */ = {isa = PBXBuildFile; fileRef = E99E32161C4F1B2E0016D25D /* XZToolKitTests.m */; };
		E99E32301C4F1E0B0016D25D /* NSDate+String.m in Sources */ = {isa = PBXBuildFile; fileRef = E99E32271C4F1E0B0016D25D /* NSDate+String.m */; };
		E99E32311C4F1E0B0016D25D /* UIButton+FillColor.m in Sources */ = {isa = PBXBuildFile; fileRef = E99E32291C4F1E0B0016D25D /* UIButton+FillColor.m */; };
		E99E32321C4F1E0B0016D25D /* UIColor+HexString.m in Sources */ = {isa = PBXBuildFile; fileRef = E99E322B1C4F1E0B0016D25D /* UIColor+HexString.m */; };
		E99E32331C4F1E0B0016D25D /* UINavigationController+Common.m in Sources */ = {isa = PBXBuildFile; fileRef = E99E322D1C4F1E0B0016D25D /* UINavigationController+Common.m */; };
		E99E32341C4F1E0B0016D25D /* UIView+Frame.m in Sources */ = {isa = PBXBuildFile; fileRef = E99E322F1C4F1E0B0016D25D /* UIView+Frame.m */; };
		E99E324D1C4F1E350016D25D /* XZCalendarCell.m in Sources */ = {isa = PBXBuildFile; fileRef = E99E323C1C4F1E350016D25D /* XZCalendarCell.m */; };
		E99E324E1C4F1E350016D25D /* XZGlyphsHelper.m in Sources */ = {isa = PBXBuildFile; fileRef = E99E323F1C4F1E350016D25D /* XZGlyphsHelper.m */; };
		E99E324F1C4F1E350016D25D /* XZImageHelper.m in Sources */ = {isa = PBXBuildFile; fileRef = E99E32411C4F1E350016D25D /* XZImageHelper.m */; };
		E99E32501C4F1E350016D25D /* XZMonthView.m in Sources */ = {isa = PBXBuildFile; fileRef = E99E32441C4F1E350016D25D /* XZMonthView.m */; };
		E99E32511C4F1E350016D25D /* XZCalendarViewController.m in Sources */ = {isa = PBXBuildFile; fileRef = E99E32471C4F1E350016D25D /* XZCalendarViewController.m */; };
		E99E32521C4F1E350016D25D /* XZHomeViewController.m in Sources */ = {isa = PBXBuildFile; fileRef = E99E324B1C4F1E350016D25D /* XZHomeViewController.m */; };
		E99E32531C4F1E350016D25D /* XZHomeViewController.xib in Resources */ = {isa = PBXBuildFile; fileRef = E99E324C1C4F1E350016D25D /* XZHomeViewController.xib */; };
		E99E325B1C4F6B3D0016D25D /* XZUtils.m in Sources */ = {isa = PBXBuildFile; fileRef = E99E325A1C4F6B3D0016D25D /* XZUtils.m */; };
		E99E32611C4F7F6B0016D25D /* XZTabBarController.m in Sources */ = {isa = PBXBuildFile; fileRef = E99E32601C4F7F6B0016D25D /* XZTabBarController.m */; };
		E99E32641C4F81790016D25D /* XZScrollView.m in Sources */ = {isa = PBXBuildFile; fileRef = E99E32631C4F81790016D25D /* XZScrollView.m */; };
		E99E32671C4F81BE0016D25D /* XZPageControl.m in Sources */ = {isa = PBXBuildFile; fileRef = E99E32661C4F81BE0016D25D /* XZPageControl.m */; };
		E99E326B1C4F83CB0016D25D /* XZTelephoneHelper.m in Sources */ = {isa = PBXBuildFile; fileRef = E99E326A1C4F83CB0016D25D /* XZTelephoneHelper.m */; };
		E9A4D05D1C59000C003B8855 /* XZImageBrowserCell.m in Sources */ = {isa = PBXBuildFile; fileRef = E9A4D05B1C59000C003B8855 /* XZImageBrowserCell.m */; };
		E9A4D05E1C59000C003B8855 /* XZImageBrowserCell.xib in Resources */ = {isa = PBXBuildFile; fileRef = E9A4D05C1C59000C003B8855 /* XZImageBrowserCell.xib */; };
		E9A4D0611C5905B3003B8855 /* libReveal.dylib in Resources */ = {isa = PBXBuildFile; fileRef = E9A4D05F1C59058F003B8855 /* libReveal.dylib */; };
		E9BC74291C6045900033BF4D /* XZCommonListViewController.m in Sources */ = {isa = PBXBuildFile; fileRef = E9BC74271C6045900033BF4D /* XZCommonListViewController.m */; };
		E9BC742A1C6045900033BF4D /* XZCommonListViewController.xib in Resources */ = {isa = PBXBuildFile; fileRef = E9BC74281C6045900033BF4D /* XZCommonListViewController.xib */; };
		E9BC74301C6056320033BF4D /* XZCollectionViewLayoutViewController.m in Sources */ = {isa = PBXBuildFile; fileRef = E9BC742F1C6056320033BF4D /* XZCollectionViewLayoutViewController.m */; };
		E9E0C18E1C5705CE0041193A /* TableView下划线左右间距.txt in Resources */ = {isa = PBXBuildFile; fileRef = E9E0C18D1C5705CE0041193A /* TableView下划线左右间距.txt */; };
		E9E0C1921C570C400041193A /* XZCodeViewController.m in Sources */ = {isa = PBXBuildFile; fileRef = E9E0C1901C570C400041193A /* XZCodeViewController.m */; };
		E9E0C1931C570C400041193A /* XZCodeViewController.xib in Resources */ = {isa = PBXBuildFile; fileRef = E9E0C1911C570C400041193A /* XZCodeViewController.xib */; };
		E9E0C21B1C576C4F0041193A /* XZImageBrowserViewController.m in Sources */ = {isa = PBXBuildFile; fileRef = E9E0C2191C576C4F0041193A /* XZImageBrowserViewController.m */; };
		E9E0C21C1C576C4F0041193A /* XZImageBrowserViewController.xib in Resources */ = {isa = PBXBuildFile; fileRef = E9E0C21A1C576C4F0041193A /* XZImageBrowserViewController.xib */; };
		E9F0E8541C61A3A700268CE2 /* XZAlbumHelper.m in Sources */ = {isa = PBXBuildFile; fileRef = E9F0E8531C61A3A700268CE2 /* XZAlbumHelper.m */; };
		E9F0E8571C61A8A400268CE2 /* ALAssetRepresentation.txt in Resources */ = {isa = PBXBuildFile; fileRef = E9F0E8561C61A8A400268CE2 /* ALAssetRepresentation.txt */; };
		E9F0E8591C61C85800268CE2 /* 类方法.txt in Resources */ = {isa = PBXBuildFile; fileRef = E9F0E8581C61C85800268CE2 /* 类方法.txt */; };
/* End PBXBuildFile section */

/* Begin PBXContainerItemProxy section */
		E99E32131C4F1B2E0016D25D /* PBXContainerItemProxy */ = {
			isa = PBXContainerItemProxy;
			containerPortal = E99E31F11C4F1B2E0016D25D /* Project object */;
			proxyType = 1;
			remoteGlobalIDString = E99E31F81C4F1B2E0016D25D;
			remoteInfo = XZToolKit;
		};
/* End PBXContainerItemProxy section */

/* Begin PBXFileReference section */
		E908D0C21C61D71200F95A8F /* ALAsset.txt */ = {isa = PBXFileReference; fileEncoding = 4; lastKnownFileType = text; path = ALAsset.txt; sourceTree = "<group>"; };
		E908D0C41C61E00900F95A8F /* ALAssetsGroup.txt */ = {isa = PBXFileReference; fileEncoding = 4; lastKnownFileType = text; path = ALAssetsGroup.txt; sourceTree = "<group>"; };
		E908D0C61C61E1CD00F95A8F /* ALAssetsFilter.txt */ = {isa = PBXFileReference; fileEncoding = 4; lastKnownFileType = text; path = ALAssetsFilter.txt; sourceTree = "<group>"; };
		E908D0C81C61EFE400F95A8F /* ALAssetsLibrary.txt */ = {isa = PBXFileReference; fileEncoding = 4; lastKnownFileType = text; path = ALAssetsLibrary.txt; sourceTree = "<group>"; };
		E920DE2B1C50764400F08A9C /* XZAddressBookHelper.h */ = {isa = PBXFileReference; fileEncoding = 4; lastKnownFileType = sourcecode.c.h; path = XZAddressBookHelper.h; sourceTree = "<group>"; };
		E920DE2C1C50764400F08A9C /* XZAddressBookHelper.m */ = {isa = PBXFileReference; fileEncoding = 4; lastKnownFileType = sourcecode.c.objc; path = XZAddressBookHelper.m; sourceTree = "<group>"; };
		E920DE331C5079C800F08A9C /* XZAddressBookViewController.h */ = {isa = PBXFileReference; fileEncoding = 4; lastKnownFileType = sourcecode.c.h; path = XZAddressBookViewController.h; sourceTree = "<group>"; };
		E920DE341C5079C800F08A9C /* XZAddressBookViewController.m */ = {isa = PBXFileReference; fileEncoding = 4; lastKnownFileType = sourcecode.c.objc; path = XZAddressBookViewController.m; sourceTree = "<group>"; };
		E920DE3C1C5098BB00F08A9C /* XZAddressBookCell.h */ = {isa = PBXFileReference; fileEncoding = 4; lastKnownFileType = sourcecode.c.h; path = XZAddressBookCell.h; sourceTree = "<group>"; };
		E920DE3D1C5098BB00F08A9C /* XZAddressBookCell.m */ = {isa = PBXFileReference; fileEncoding = 4; lastKnownFileType = sourcecode.c.objc; path = XZAddressBookCell.m; sourceTree = "<group>"; };
		E920DE3E1C5098BB00F08A9C /* XZAddressBookCell.xib */ = {isa = PBXFileReference; fileEncoding = 4; lastKnownFileType = file.xib; path = XZAddressBookCell.xib; sourceTree = "<group>"; };
		E920DE471C50B7CB00F08A9C /* XZMonthCalendarViewController.h */ = {isa = PBXFileReference; fileEncoding = 4; lastKnownFileType = sourcecode.c.h; path = XZMonthCalendarViewController.h; sourceTree = "<group>"; };
		E920DE481C50B7CB00F08A9C /* XZMonthCalendarViewController.m */ = {isa = PBXFileReference; fileEncoding = 4; lastKnownFileType = sourcecode.c.objc; path = XZMonthCalendarViewController.m; sourceTree = "<group>"; };
		E920DE491C50B7CB00F08A9C /* XZMonthCalendarViewController.xib */ = {isa = PBXFileReference; fileEncoding = 4; lastKnownFileType = file.xib; path = XZMonthCalendarViewController.xib; sourceTree = "<group>"; };
		E920DE4D1C50BE5C00F08A9C /* XZMonthCalendarCell.h */ = {isa = PBXFileReference; fileEncoding = 4; lastKnownFileType = sourcecode.c.h; path = XZMonthCalendarCell.h; sourceTree = "<group>"; };
		E920DE4E1C50BE5C00F08A9C /* XZMonthCalendarCell.m */ = {isa = PBXFileReference; fileEncoding = 4; lastKnownFileType = sourcecode.c.objc; path = XZMonthCalendarCell.m; sourceTree = "<group>"; };
		E920DE561C50CD6D00F08A9C /* XZDayView.h */ = {isa = PBXFileReference; fileEncoding = 4; lastKnownFileType = sourcecode.c.h; path = XZDayView.h; sourceTree = "<group>"; };
		E920DE571C50CD6D00F08A9C /* XZDayView.m */ = {isa = PBXFileReference; fileEncoding = 4; lastKnownFileType = sourcecode.c.objc; path = XZDayView.m; sourceTree = "<group>"; };
		E9318B631C51E9380039D357 /* XZTipView.h */ = {isa = PBXFileReference; fileEncoding = 4; lastKnownFileType = sourcecode.c.h; path = XZTipView.h; sourceTree = "<group>"; };
		E9318B641C51E9380039D357 /* XZTipView.m */ = {isa = PBXFileReference; fileEncoding = 4; lastKnownFileType = sourcecode.c.objc; path = XZTipView.m; sourceTree = "<group>"; };
		E93821701C59E8B3004F7EC4 /* XZPhotoAlbumViewController.h */ = {isa = PBXFileReference; fileEncoding = 4; lastKnownFileType = sourcecode.c.h; path = XZPhotoAlbumViewController.h; sourceTree = "<group>"; };
		E93821711C59E8B3004F7EC4 /* XZPhotoAlbumViewController.m */ = {isa = PBXFileReference; fileEncoding = 4; lastKnownFileType = sourcecode.c.objc; path = XZPhotoAlbumViewController.m; sourceTree = "<group>"; };
		E93821721C59E8B3004F7EC4 /* XZPhotoAlbumViewController.xib */ = {isa = PBXFileReference; fileEncoding = 4; lastKnownFileType = file.xib; path = XZPhotoAlbumViewController.xib; sourceTree = "<group>"; };
		E93821761C59E988004F7EC4 /* XZPhotoAblumCell.h */ = {isa = PBXFileReference; fileEncoding = 4; lastKnownFileType = sourcecode.c.h; path = XZPhotoAblumCell.h; sourceTree = "<group>"; };
		E93821771C59E988004F7EC4 /* XZPhotoAblumCell.m */ = {isa = PBXFileReference; fileEncoding = 4; lastKnownFileType = sourcecode.c.objc; path = XZPhotoAblumCell.m; sourceTree = "<group>"; };
		E93821781C59E988004F7EC4 /* XZPhotoAblumCell.xib */ = {isa = PBXFileReference; fileEncoding = 4; lastKnownFileType = file.xib; path = XZPhotoAblumCell.xib; sourceTree = "<group>"; };
		E93821861C59F167004F7EC4 /* 5.png */ = {isa = PBXFileReference; lastKnownFileType = image.png; path = 5.png; sourceTree = "<group>"; };
		E93821871C59F167004F7EC4 /* 4.png */ = {isa = PBXFileReference; lastKnownFileType = image.png; path = 4.png; sourceTree = "<group>"; };
		E93821881C59F167004F7EC4 /* 3.png */ = {isa = PBXFileReference; lastKnownFileType = image.png; path = 3.png; sourceTree = "<group>"; };
		E93821891C59F167004F7EC4 /* 1.png */ = {isa = PBXFileReference; lastKnownFileType = image.png; path = 1.png; sourceTree = "<group>"; };
		E938218A1C59F167004F7EC4 /* 2.png */ = {isa = PBXFileReference; lastKnownFileType = image.png; path = 2.png; sourceTree = "<group>"; };
		E93821971C5A0B00004F7EC4 /* XZCollectionDemoViewController.h */ = {isa = PBXFileReference; fileEncoding = 4; lastKnownFileType = sourcecode.c.h; path = XZCollectionDemoViewController.h; sourceTree = "<group>"; };
		E93821981C5A0B00004F7EC4 /* XZCollectionDemoViewController.m */ = {isa = PBXFileReference; fileEncoding = 4; lastKnownFileType = sourcecode.c.objc; path = XZCollectionDemoViewController.m; sourceTree = "<group>"; };
		E938219B1C5A0B3F004F7EC4 /* XZCollectionDemoCell.h */ = {isa = PBXFileReference; fileEncoding = 4; lastKnownFileType = sourcecode.c.h; path = XZCollectionDemoCell.h; sourceTree = "<group>"; };
		E938219C1C5A0B3F004F7EC4 /* XZCollectionDemoCell.m */ = {isa = PBXFileReference; fileEncoding = 4; lastKnownFileType = sourcecode.c.objc; path = XZCollectionDemoCell.m; sourceTree = "<group>"; };
		E938219E1C5A0B6F004F7EC4 /* XZCollectionLayoutStyleOne.h */ = {isa = PBXFileReference; fileEncoding = 4; lastKnownFileType = sourcecode.c.h; path = XZCollectionLayoutStyleOne.h; sourceTree = "<group>"; };
		E938219F1C5A0B6F004F7EC4 /* XZCollectionLayoutStyleOne.m */ = {isa = PBXFileReference; fileEncoding = 4; lastKnownFileType = sourcecode.c.objc; path = XZCollectionLayoutStyleOne.m; sourceTree = "<group>"; };
		E93821A41C5A0F40004F7EC4 /* XZCollectionLayoutStyleTwo.h */ = {isa = PBXFileReference; fileEncoding = 4; lastKnownFileType = sourcecode.c.h; path = XZCollectionLayoutStyleTwo.h; sourceTree = "<group>"; };
		E93821A51C5A0F40004F7EC4 /* XZCollectionLayoutStyleTwo.m */ = {isa = PBXFileReference; fileEncoding = 4; lastKnownFileType = sourcecode.c.objc; path = XZCollectionLayoutStyleTwo.m; sourceTree = "<group>"; };
		E93821A71C5A0FF8004F7EC4 /* XZCollectionLayoutStyleThree.h */ = {isa = PBXFileReference; fileEncoding = 4; lastKnownFileType = sourcecode.c.h; path = XZCollectionLayoutStyleThree.h; sourceTree = "<group>"; };
		E93821A81C5A0FF8004F7EC4 /* XZCollectionLayoutStyleThree.m */ = {isa = PBXFileReference; fileEncoding = 4; lastKnownFileType = sourcecode.c.objc; path = XZCollectionLayoutStyleThree.m; sourceTree = "<group>"; };
		E93821AA1C5A15C1004F7EC4 /* TableView不显示多余Cell.txt */ = {isa = PBXFileReference; fileEncoding = 4; lastKnownFileType = text; name = "TableView不显示多余Cell.txt"; path = "Source/TableView下划线左右间距/TableView不显示多余Cell.txt"; sourceTree = "<group>"; };
		E93821AC1C5A1709004F7EC4 /* TableView索引.txt */ = {isa = PBXFileReference; fileEncoding = 4; lastKnownFileType = text; name = "TableView索引.txt"; path = "Source/TableView下划线左右间距/TableView索引.txt"; sourceTree = "<group>"; };
		E9543EEF1C5EF417006D7BEF /* ViewController的生命周期.txt */ = {isa = PBXFileReference; fileEncoding = 4; lastKnownFileType = text; path = "ViewController的生命周期.txt"; sourceTree = "<group>"; };
		E9543EF11C5F0BC9006D7BEF /* Objective-C中关键字.txt */ = {isa = PBXFileReference; fileEncoding = 4; lastKnownFileType = text; path = "Objective-C中关键字.txt"; sourceTree = "<group>"; };
		E9543EF31C5F0C73006D7BEF /* 单例创建.txt */ = {isa = PBXFileReference; fileEncoding = 4; lastKnownFileType = text; path = "单例创建.txt"; sourceTree = "<group>"; };
		E9543EF51C5F0FC0006D7BEF /* copy的setter方法.txt */ = {isa = PBXFileReference; fileEncoding = 4; lastKnownFileType = text; path = "copy的setter方法.txt"; sourceTree = "<group>"; };
		E9543EF71C5F20E3006D7BEF /* 深拷贝与浅拷贝.txt */ = {isa = PBXFileReference; fileEncoding = 4; lastKnownFileType = text; path = "深拷贝与浅拷贝.txt"; sourceTree = "<group>"; };
		E9543EF91C5F30B2006D7BEF /* OOP语言三大特征.txt */ = {isa = PBXFileReference; fileEncoding = 4; lastKnownFileType = text; path = "OOP语言三大特征.txt"; sourceTree = "<group>"; };
		E9543EFB1C5F3177006D7BEF /* new和alloc init.txt */ = {isa = PBXFileReference; fileEncoding = 4; lastKnownFileType = text; path = "new和alloc init.txt"; sourceTree = "<group>"; };
		E9543EFD1C5F3954006D7BEF /* BOOL类型.txt */ = {isa = PBXFileReference; fileEncoding = 4; lastKnownFileType = text; path = "BOOL类型.txt"; sourceTree = "<group>"; };
		E9543EFF1C5F3FAA006D7BEF /* Block使用.txt */ = {isa = PBXFileReference; fileEncoding = 4; lastKnownFileType = text; path = "Block使用.txt"; sourceTree = "<group>"; };
		E9543F011C5F45FD006D7BEF /* @synchronized.txt */ = {isa = PBXFileReference; fileEncoding = 4; lastKnownFileType = text; path = "@synchronized.txt"; sourceTree = "<group>"; };
		E9543F031C5F480D006D7BEF /* 代理和通知的区别.txt */ = {isa = PBXFileReference; fileEncoding = 4; lastKnownFileType = text; path = "代理和通知的区别.txt"; sourceTree = "<group>"; };
		E9543F081C5F4FD4006D7BEF /* 类别和类扩展.txt */ = {isa = PBXFileReference; fileEncoding = 4; lastKnownFileType = text; path = "类别和类扩展.txt"; sourceTree = "<group>"; };
		E9543F131C5F56B5006D7BEF /* initWithCoder和initWithFrame.txt */ = {isa = PBXFileReference; fileEncoding = 4; lastKnownFileType = text; path = "initWithCoder和initWithFrame.txt"; sourceTree = "<group>"; };
		E9543F1E1C5F5CE4006D7BEF /* 单例继承.txt */ = {isa = PBXFileReference; fileEncoding = 4; lastKnownFileType = text; path = "单例继承.txt"; sourceTree = "<group>"; };
		E9543F201C5F5DAB006D7BEF /* Documents、Library、tmp区别.txt */ = {isa = PBXFileReference; fileEncoding = 4; lastKnownFileType = text; path = "Documents、Library、tmp区别.txt"; sourceTree = "<group>"; };
		E96A9E551C60E76F0082AAA0 /* 静态Cell.txt */ = {isa = PBXFileReference; fileEncoding = 4; lastKnownFileType = text; path = "静态Cell.txt"; sourceTree = "<group>"; };
		E96A9E571C60E7B50082AAA0 /* 枚举.txt */ = {isa = PBXFileReference; fileEncoding = 4; lastKnownFileType = text; path = "枚举.txt"; sourceTree = "<group>"; };
		E96A9E591C60E7CC0082AAA0 /* 使用Size Class适应屏幕旋转.txt */ = {isa = PBXFileReference; fileEncoding = 4; lastKnownFileType = text; path = "使用Size Class适应屏幕旋转.txt"; sourceTree = "<group>"; };
		E96A9E5B1C60E7E20082AAA0 /* IOS的生命周期.txt */ = {isa = PBXFileReference; fileEncoding = 4; lastKnownFileType = text; path = "IOS的生命周期.txt"; sourceTree = "<group>"; };
		E970066C1C55C96C0071E0E3 /* XZDayCalendarViewController.h */ = {isa = PBXFileReference; fileEncoding = 4; lastKnownFileType = sourcecode.c.h; path = XZDayCalendarViewController.h; sourceTree = "<group>"; };
		E970066D1C55C96C0071E0E3 /* XZDayCalendarViewController.m */ = {isa = PBXFileReference; fileEncoding = 4; lastKnownFileType = sourcecode.c.objc; path = XZDayCalendarViewController.m; sourceTree = "<group>"; };
		E970066E1C55C96C0071E0E3 /* XZDayCalendarViewController.xib */ = {isa = PBXFileReference; fileEncoding = 4; lastKnownFileType = file.xib; path = XZDayCalendarViewController.xib; sourceTree = "<group>"; };
		E97006721C55CBF60071E0E3 /* XZDayCalendarCell.h */ = {isa = PBXFileReference; fileEncoding = 4; lastKnownFileType = sourcecode.c.h; path = XZDayCalendarCell.h; sourceTree = "<group>"; };
		E97006731C55CBF60071E0E3 /* XZDayCalendarCell.m */ = {isa = PBXFileReference; fileEncoding = 4; lastKnownFileType = sourcecode.c.objc; path = XZDayCalendarCell.m; sourceTree = "<group>"; };
		E97006741C55CBF60071E0E3 /* XZDayCalendarCell.xib */ = {isa = PBXFileReference; fileEncoding = 4; lastKnownFileType = file.xib; path = XZDayCalendarCell.xib; sourceTree = "<group>"; };
		E97006771C5614000071E0E3 /* XZTimeRecordCell.h */ = {isa = PBXFileReference; fileEncoding = 4; lastKnownFileType = sourcecode.c.h; path = XZTimeRecordCell.h; sourceTree = "<group>"; };
		E97006781C5614000071E0E3 /* XZTimeRecordCell.m */ = {isa = PBXFileReference; fileEncoding = 4; lastKnownFileType = sourcecode.c.objc; path = XZTimeRecordCell.m; sourceTree = "<group>"; };
		E97006791C5614000071E0E3 /* XZTimeRecordCell.xib */ = {isa = PBXFileReference; fileEncoding = 4; lastKnownFileType = file.xib; path = XZTimeRecordCell.xib; sourceTree = "<group>"; };
		E984B9BA1C5E178100C00BC7 /* XZPopViewViewController.h */ = {isa = PBXFileReference; fileEncoding = 4; lastKnownFileType = sourcecode.c.h; path = XZPopViewViewController.h; sourceTree = "<group>"; };
		E984B9BB1C5E178100C00BC7 /* XZPopViewViewController.m */ = {isa = PBXFileReference; fileEncoding = 4; lastKnownFileType = sourcecode.c.objc; path = XZPopViewViewController.m; sourceTree = "<group>"; };
		E984B9BD1C5E18FF00C00BC7 /* XZPopView.h */ = {isa = PBXFileReference; fileEncoding = 4; lastKnownFileType = sourcecode.c.h; path = XZPopView.h; sourceTree = "<group>"; };
		E984B9BE1C5E18FF00C00BC7 /* XZPopView.m */ = {isa = PBXFileReference; fileEncoding = 4; lastKnownFileType = sourcecode.c.objc; path = XZPopView.m; sourceTree = "<group>"; };
		E984B9C81C5E227700C00BC7 /* 内联函数.txt */ = {isa = PBXFileReference; fileEncoding = 4; lastKnownFileType = text; path = "内联函数.txt"; sourceTree = "<group>"; };
		E99E31F91C4F1B2E0016D25D /* XZToolKit.app */ = {isa = PBXFileReference; explicitFileType = wrapper.application; includeInIndex = 0; path = XZToolKit.app; sourceTree = BUILT_PRODUCTS_DIR; };
		E99E31FD1C4F1B2E0016D25D /* main.m */ = {isa = PBXFileReference; lastKnownFileType = sourcecode.c.objc; path = main.m; sourceTree = "<group>"; };
		E99E31FF1C4F1B2E0016D25D /* AppDelegate.h */ = {isa = PBXFileReference; lastKnownFileType = sourcecode.c.h; path = AppDelegate.h; sourceTree = "<group>"; };
		E99E32001C4F1B2E0016D25D /* AppDelegate.m */ = {isa = PBXFileReference; lastKnownFileType = sourcecode.c.objc; path = AppDelegate.m; sourceTree = "<group>"; };
		E99E32081C4F1B2E0016D25D /* Assets.xcassets */ = {isa = PBXFileReference; lastKnownFileType = folder.assetcatalog; path = Assets.xcassets; sourceTree = "<group>"; };
		E99E320D1C4F1B2E0016D25D /* Info.plist */ = {isa = PBXFileReference; lastKnownFileType = text.plist.xml; path = Info.plist; sourceTree = "<group>"; };
		E99E32121C4F1B2E0016D25D /* XZToolKitTests.xctest */ = {isa = PBXFileReference; explicitFileType = wrapper.cfbundle; includeInIndex = 0; path = XZToolKitTests.xctest; sourceTree = BUILT_PRODUCTS_DIR; };
		E99E32161C4F1B2E0016D25D /* XZToolKitTests.m */ = {isa = PBXFileReference; lastKnownFileType = sourcecode.c.objc; path = XZToolKitTests.m; sourceTree = "<group>"; };
		E99E32181C4F1B2E0016D25D /* Info.plist */ = {isa = PBXFileReference; lastKnownFileType = text.plist.xml; path = Info.plist; sourceTree = "<group>"; };
		E99E32261C4F1E0B0016D25D /* NSDate+String.h */ = {isa = PBXFileReference; fileEncoding = 4; lastKnownFileType = sourcecode.c.h; path = "NSDate+String.h"; sourceTree = "<group>"; };
		E99E32271C4F1E0B0016D25D /* NSDate+String.m */ = {isa = PBXFileReference; fileEncoding = 4; lastKnownFileType = sourcecode.c.objc; path = "NSDate+String.m"; sourceTree = "<group>"; };
		E99E32281C4F1E0B0016D25D /* UIButton+FillColor.h */ = {isa = PBXFileReference; fileEncoding = 4; lastKnownFileType = sourcecode.c.h; path = "UIButton+FillColor.h"; sourceTree = "<group>"; };
		E99E32291C4F1E0B0016D25D /* UIButton+FillColor.m */ = {isa = PBXFileReference; fileEncoding = 4; lastKnownFileType = sourcecode.c.objc; path = "UIButton+FillColor.m"; sourceTree = "<group>"; };
		E99E322A1C4F1E0B0016D25D /* UIColor+HexString.h */ = {isa = PBXFileReference; fileEncoding = 4; lastKnownFileType = sourcecode.c.h; path = "UIColor+HexString.h"; sourceTree = "<group>"; };
		E99E322B1C4F1E0B0016D25D /* UIColor+HexString.m */ = {isa = PBXFileReference; fileEncoding = 4; lastKnownFileType = sourcecode.c.objc; path = "UIColor+HexString.m"; sourceTree = "<group>"; };
		E99E322C1C4F1E0B0016D25D /* UINavigationController+Common.h */ = {isa = PBXFileReference; fileEncoding = 4; lastKnownFileType = sourcecode.c.h; path = "UINavigationController+Common.h"; sourceTree = "<group>"; };
		E99E322D1C4F1E0B0016D25D /* UINavigationController+Common.m */ = {isa = PBXFileReference; fileEncoding = 4; lastKnownFileType = sourcecode.c.objc; path = "UINavigationController+Common.m"; sourceTree = "<group>"; };
		E99E322E1C4F1E0B0016D25D /* UIView+Frame.h */ = {isa = PBXFileReference; fileEncoding = 4; lastKnownFileType = sourcecode.c.h; path = "UIView+Frame.h"; sourceTree = "<group>"; };
		E99E322F1C4F1E0B0016D25D /* UIView+Frame.m */ = {isa = PBXFileReference; fileEncoding = 4; lastKnownFileType = sourcecode.c.objc; path = "UIView+Frame.m"; sourceTree = "<group>"; };
		E99E32351C4F1E1F0016D25D /* XZLogMacro.h */ = {isa = PBXFileReference; fileEncoding = 4; lastKnownFileType = sourcecode.c.h; path = XZLogMacro.h; sourceTree = "<group>"; };
		E99E32361C4F1E1F0016D25D /* XZMacro.h */ = {isa = PBXFileReference; fileEncoding = 4; lastKnownFileType = sourcecode.c.h; path = XZMacro.h; sourceTree = "<group>"; };
		E99E32371C4F1E1F0016D25D /* XZMethodMacro.h */ = {isa = PBXFileReference; fileEncoding = 4; lastKnownFileType = sourcecode.c.h; path = XZMethodMacro.h; sourceTree = "<group>"; };
		E99E32381C4F1E1F0016D25D /* XZPropertyMacro.h */ = {isa = PBXFileReference; fileEncoding = 4; lastKnownFileType = sourcecode.c.h; path = XZPropertyMacro.h; sourceTree = "<group>"; };
		E99E323B1C4F1E350016D25D /* XZCalendarCell.h */ = {isa = PBXFileReference; fileEncoding = 4; lastKnownFileType = sourcecode.c.h; path = XZCalendarCell.h; sourceTree = "<group>"; };
		E99E323C1C4F1E350016D25D /* XZCalendarCell.m */ = {isa = PBXFileReference; fileEncoding = 4; lastKnownFileType = sourcecode.c.objc; path = XZCalendarCell.m; sourceTree = "<group>"; };
		E99E323E1C4F1E350016D25D /* XZGlyphsHelper.h */ = {isa = PBXFileReference; fileEncoding = 4; lastKnownFileType = sourcecode.c.h; path = XZGlyphsHelper.h; sourceTree = "<group>"; };
		E99E323F1C4F1E350016D25D /* XZGlyphsHelper.m */ = {isa = PBXFileReference; fileEncoding = 4; lastKnownFileType = sourcecode.c.objc; path = XZGlyphsHelper.m; sourceTree = "<group>"; };
		E99E32401C4F1E350016D25D /* XZImageHelper.h */ = {isa = PBXFileReference; fileEncoding = 4; lastKnownFileType = sourcecode.c.h; path = XZImageHelper.h; sourceTree = "<group>"; };
		E99E32411C4F1E350016D25D /* XZImageHelper.m */ = {isa = PBXFileReference; fileEncoding = 4; lastKnownFileType = sourcecode.c.objc; path = XZImageHelper.m; sourceTree = "<group>"; };
		E99E32431C4F1E350016D25D /* XZMonthView.h */ = {isa = PBXFileReference; fileEncoding = 4; lastKnownFileType = sourcecode.c.h; path = XZMonthView.h; sourceTree = "<group>"; };
		E99E32441C4F1E350016D25D /* XZMonthView.m */ = {isa = PBXFileReference; fileEncoding = 4; lastKnownFileType = sourcecode.c.objc; path = XZMonthView.m; sourceTree = "<group>"; };
		E99E32461C4F1E350016D25D /* XZCalendarViewController.h */ = {isa = PBXFileReference; fileEncoding = 4; lastKnownFileType = sourcecode.c.h; path = XZCalendarViewController.h; sourceTree = "<group>"; };
		E99E32471C4F1E350016D25D /* XZCalendarViewController.m */ = {isa = PBXFileReference; fileEncoding = 4; lastKnownFileType = sourcecode.c.objc; path = XZCalendarViewController.m; sourceTree = "<group>"; };
		E99E324A1C4F1E350016D25D /* XZHomeViewController.h */ = {isa = PBXFileReference; fileEncoding = 4; lastKnownFileType = sourcecode.c.h; path = XZHomeViewController.h; sourceTree = "<group>"; };
		E99E324B1C4F1E350016D25D /* XZHomeViewController.m */ = {isa = PBXFileReference; fileEncoding = 4; lastKnownFileType = sourcecode.c.objc; path = XZHomeViewController.m; sourceTree = "<group>"; };
		E99E324C1C4F1E350016D25D /* XZHomeViewController.xib */ = {isa = PBXFileReference; fileEncoding = 4; lastKnownFileType = file.xib; path = XZHomeViewController.xib; sourceTree = "<group>"; };
		E99E32541C4F1EE70016D25D /* PrefixHeader.pch */ = {isa = PBXFileReference; lastKnownFileType = sourcecode.c.h; path = PrefixHeader.pch; sourceTree = "<group>"; };
		E99E32591C4F6B3D0016D25D /* XZUtils.h */ = {isa = PBXFileReference; fileEncoding = 4; lastKnownFileType = sourcecode.c.h; path = XZUtils.h; sourceTree = "<group>"; };
		E99E325A1C4F6B3D0016D25D /* XZUtils.m */ = {isa = PBXFileReference; fileEncoding = 4; lastKnownFileType = sourcecode.c.objc; path = XZUtils.m; sourceTree = "<group>"; };
		E99E325F1C4F7F6B0016D25D /* XZTabBarController.h */ = {isa = PBXFileReference; fileEncoding = 4; lastKnownFileType = sourcecode.c.h; path = XZTabBarController.h; sourceTree = "<group>"; };
		E99E32601C4F7F6B0016D25D /* XZTabBarController.m */ = {isa = PBXFileReference; fileEncoding = 4; lastKnownFileType = sourcecode.c.objc; path = XZTabBarController.m; sourceTree = "<group>"; };
		E99E32621C4F81790016D25D /* XZScrollView.h */ = {isa = PBXFileReference; fileEncoding = 4; lastKnownFileType = sourcecode.c.h; path = XZScrollView.h; sourceTree = "<group>"; };
		E99E32631C4F81790016D25D /* XZScrollView.m */ = {isa = PBXFileReference; fileEncoding = 4; lastKnownFileType = sourcecode.c.objc; path = XZScrollView.m; sourceTree = "<group>"; };
		E99E32651C4F81BE0016D25D /* XZPageControl.h */ = {isa = PBXFileReference; fileEncoding = 4; lastKnownFileType = sourcecode.c.h; path = XZPageControl.h; sourceTree = "<group>"; };
		E99E32661C4F81BE0016D25D /* XZPageControl.m */ = {isa = PBXFileReference; fileEncoding = 4; lastKnownFileType = sourcecode.c.objc; path = XZPageControl.m; sourceTree = "<group>"; };
		E99E32691C4F83CB0016D25D /* XZTelephoneHelper.h */ = {isa = PBXFileReference; fileEncoding = 4; lastKnownFileType = sourcecode.c.h; path = XZTelephoneHelper.h; sourceTree = "<group>"; };
		E99E326A1C4F83CB0016D25D /* XZTelephoneHelper.m */ = {isa = PBXFileReference; fileEncoding = 4; lastKnownFileType = sourcecode.c.objc; path = XZTelephoneHelper.m; sourceTree = "<group>"; };
		E9A4D05A1C59000C003B8855 /* XZImageBrowserCell.h */ = {isa = PBXFileReference; fileEncoding = 4; lastKnownFileType = sourcecode.c.h; path = XZImageBrowserCell.h; sourceTree = "<group>"; };
		E9A4D05B1C59000C003B8855 /* XZImageBrowserCell.m */ = {isa = PBXFileReference; fileEncoding = 4; lastKnownFileType = sourcecode.c.objc; path = XZImageBrowserCell.m; sourceTree = "<group>"; };
		E9A4D05C1C59000C003B8855 /* XZImageBrowserCell.xib */ = {isa = PBXFileReference; fileEncoding = 4; lastKnownFileType = file.xib; path = XZImageBrowserCell.xib; sourceTree = "<group>"; };
		E9A4D05F1C59058F003B8855 /* libReveal.dylib */ = {isa = PBXFileReference; lastKnownFileType = "compiled.mach-o.dylib"; path = libReveal.dylib; sourceTree = "<group>"; };
		E9BC74261C6045900033BF4D /* XZCommonListViewController.h */ = {isa = PBXFileReference; fileEncoding = 4; lastKnownFileType = sourcecode.c.h; path = XZCommonListViewController.h; sourceTree = "<group>"; };
		E9BC74271C6045900033BF4D /* XZCommonListViewController.m */ = {isa = PBXFileReference; fileEncoding = 4; lastKnownFileType = sourcecode.c.objc; path = XZCommonListViewController.m; sourceTree = "<group>"; };
		E9BC74281C6045900033BF4D /* XZCommonListViewController.xib */ = {isa = PBXFileReference; fileEncoding = 4; lastKnownFileType = file.xib; path = XZCommonListViewController.xib; sourceTree = "<group>"; };
		E9BC742E1C6056320033BF4D /* XZCollectionViewLayoutViewController.h */ = {isa = PBXFileReference; fileEncoding = 4; lastKnownFileType = sourcecode.c.h; path = XZCollectionViewLayoutViewController.h; sourceTree = "<group>"; };
		E9BC742F1C6056320033BF4D /* XZCollectionViewLayoutViewController.m */ = {isa = PBXFileReference; fileEncoding = 4; lastKnownFileType = sourcecode.c.objc; path = XZCollectionViewLayoutViewController.m; sourceTree = "<group>"; };
		E9E0C18D1C5705CE0041193A /* TableView下划线左右间距.txt */ = {isa = PBXFileReference; fileEncoding = 4; lastKnownFileType = text; name = "TableView下划线左右间距.txt"; path = "Source/TableView下划线左右间距/TableView下划线左右间距.txt"; sourceTree = "<group>"; };
		E9E0C18F1C570C400041193A /* XZCodeViewController.h */ = {isa = PBXFileReference; fileEncoding = 4; lastKnownFileType = sourcecode.c.h; path = XZCodeViewController.h; sourceTree = "<group>"; };
		E9E0C1901C570C400041193A /* XZCodeViewController.m */ = {isa = PBXFileReference; fileEncoding = 4; lastKnownFileType = sourcecode.c.objc; path = XZCodeViewController.m; sourceTree = "<group>"; };
		E9E0C1911C570C400041193A /* XZCodeViewController.xib */ = {isa = PBXFileReference; fileEncoding = 4; lastKnownFileType = file.xib; path = XZCodeViewController.xib; sourceTree = "<group>"; };
		E9E0C2181C576C4F0041193A /* XZImageBrowserViewController.h */ = {isa = PBXFileReference; fileEncoding = 4; lastKnownFileType = sourcecode.c.h; path = XZImageBrowserViewController.h; sourceTree = "<group>"; };
		E9E0C2191C576C4F0041193A /* XZImageBrowserViewController.m */ = {isa = PBXFileReference; fileEncoding = 4; lastKnownFileType = sourcecode.c.objc; path = XZImageBrowserViewController.m; sourceTree = "<group>"; };
		E9E0C21A1C576C4F0041193A /* XZImageBrowserViewController.xib */ = {isa = PBXFileReference; fileEncoding = 4; lastKnownFileType = file.xib; path = XZImageBrowserViewController.xib; sourceTree = "<group>"; };
		E9F0E8521C61A3A700268CE2 /* XZAlbumHelper.h */ = {isa = PBXFileReference; fileEncoding = 4; lastKnownFileType = sourcecode.c.h; path = XZAlbumHelper.h; sourceTree = "<group>"; };
		E9F0E8531C61A3A700268CE2 /* XZAlbumHelper.m */ = {isa = PBXFileReference; fileEncoding = 4; lastKnownFileType = sourcecode.c.objc; path = XZAlbumHelper.m; sourceTree = "<group>"; };
		E9F0E8561C61A8A400268CE2 /* ALAssetRepresentation.txt */ = {isa = PBXFileReference; fileEncoding = 4; lastKnownFileType = text; path = ALAssetRepresentation.txt; sourceTree = "<group>"; };
		E9F0E8581C61C85800268CE2 /* 类方法.txt */ = {isa = PBXFileReference; fileEncoding = 4; lastKnownFileType = text; path = "类方法.txt"; sourceTree = "<group>"; };
/* End PBXFileReference section */

/* Begin PBXFrameworksBuildPhase section */
		E99E31F61C4F1B2E0016D25D /* Frameworks */ = {
			isa = PBXFrameworksBuildPhase;
			buildActionMask = 2147483647;
			files = (
			);
			runOnlyForDeploymentPostprocessing = 0;
		};
		E99E320F1C4F1B2E0016D25D /* Frameworks */ = {
			isa = PBXFrameworksBuildPhase;
			buildActionMask = 2147483647;
			files = (
			);
			runOnlyForDeploymentPostprocessing = 0;
		};
/* End PBXFrameworksBuildPhase section */

/* Begin PBXGroup section */
		E920DE311C50795800F08A9C /* AddressBook */ = {
			isa = PBXGroup;
			children = (
				E920DE361C50987300F08A9C /* Cell */,
				E920DE321C50798400F08A9C /* Controller */,
			);
			path = AddressBook;
			sourceTree = "<group>";
		};
		E920DE321C50798400F08A9C /* Controller */ = {
			isa = PBXGroup;
			children = (
				E920DE331C5079C800F08A9C /* XZAddressBookViewController.h */,
				E920DE341C5079C800F08A9C /* XZAddressBookViewController.m */,
			);
			path = Controller;
			sourceTree = "<group>";
		};
		E920DE361C50987300F08A9C /* Cell */ = {
			isa = PBXGroup;
			children = (
				E920DE3C1C5098BB00F08A9C /* XZAddressBookCell.h */,
				E920DE3D1C5098BB00F08A9C /* XZAddressBookCell.m */,
				E920DE3E1C5098BB00F08A9C /* XZAddressBookCell.xib */,
			);
			path = Cell;
			sourceTree = "<group>";
		};
		E920DE441C50B56100F08A9C /* YearCalendar */ = {
			isa = PBXGroup;
			children = (
				E99E323A1C4F1E350016D25D /* Cell */,
				E99E323D1C4F1E350016D25D /* Helper */,
				E99E32421C4F1E350016D25D /* View */,
				E99E32451C4F1E350016D25D /* ViewController */,
			);
			path = YearCalendar;
			sourceTree = "<group>";
		};
		E920DE451C50B56D00F08A9C /* MonthCalendar */ = {
			isa = PBXGroup;
			children = (
				E920DE4C1C50BD5000F08A9C /* Cell */,
				E920DE551C50CD4000F08A9C /* View */,
				E920DE461C50B58500F08A9C /* ViewController */,
			);
			path = MonthCalendar;
			sourceTree = "<group>";
		};
		E920DE461C50B58500F08A9C /* ViewController */ = {
			isa = PBXGroup;
			children = (
				E920DE471C50B7CB00F08A9C /* XZMonthCalendarViewController.h */,
				E920DE481C50B7CB00F08A9C /* XZMonthCalendarViewController.m */,
				E920DE491C50B7CB00F08A9C /* XZMonthCalendarViewController.xib */,
			);
			path = ViewController;
			sourceTree = "<group>";
		};
		E920DE4C1C50BD5000F08A9C /* Cell */ = {
			isa = PBXGroup;
			children = (
				E920DE4D1C50BE5C00F08A9C /* XZMonthCalendarCell.h */,
				E920DE4E1C50BE5C00F08A9C /* XZMonthCalendarCell.m */,
			);
			path = Cell;
			sourceTree = "<group>";
		};
		E920DE551C50CD4000F08A9C /* View */ = {
			isa = PBXGroup;
			children = (
				E920DE561C50CD6D00F08A9C /* XZDayView.h */,
				E920DE571C50CD6D00F08A9C /* XZDayView.m */,
				E9318B631C51E9380039D357 /* XZTipView.h */,
				E9318B641C51E9380039D357 /* XZTipView.m */,
			);
			path = View;
			sourceTree = "<group>";
		};
		E938216E1C59E873004F7EC4 /* PhotoAlbum */ = {
			isa = PBXGroup;
			children = (
				E9BC74321C60878B0033BF4D /* Helper */,
				E93821751C59E96B004F7EC4 /* Cell */,
				E938217B1C59E9C1004F7EC4 /* Source */,
				E938216F1C59E881004F7EC4 /* ViewController */,
			);
			path = PhotoAlbum;
			sourceTree = "<group>";
		};
		E938216F1C59E881004F7EC4 /* ViewController */ = {
			isa = PBXGroup;
			children = (
				E93821701C59E8B3004F7EC4 /* XZPhotoAlbumViewController.h */,
				E93821711C59E8B3004F7EC4 /* XZPhotoAlbumViewController.m */,
				E93821721C59E8B3004F7EC4 /* XZPhotoAlbumViewController.xib */,
			);
			path = ViewController;
			sourceTree = "<group>";
		};
		E93821751C59E96B004F7EC4 /* Cell */ = {
			isa = PBXGroup;
			children = (
				E93821761C59E988004F7EC4 /* XZPhotoAblumCell.h */,
				E93821771C59E988004F7EC4 /* XZPhotoAblumCell.m */,
				E93821781C59E988004F7EC4 /* XZPhotoAblumCell.xib */,
			);
			path = Cell;
			sourceTree = "<group>";
		};
		E938217B1C59E9C1004F7EC4 /* Source */ = {
			isa = PBXGroup;
			children = (
				E93821891C59F167004F7EC4 /* 1.png */,
				E938218A1C59F167004F7EC4 /* 2.png */,
				E93821881C59F167004F7EC4 /* 3.png */,
				E93821871C59F167004F7EC4 /* 4.png */,
				E93821861C59F167004F7EC4 /* 5.png */,
			);
			path = Source;
			sourceTree = "<group>";
		};
		E93821901C5A053D004F7EC4 /* CollectionViewKnowledge */ = {
			isa = PBXGroup;
			children = (
				E938219A1C5A0B1B004F7EC4 /* Cell */,
				E9522C741C58C6D900A896FF /* Layout */,
				E93821931C5A08D7004F7EC4 /* ViewController */,
			);
			path = CollectionViewKnowledge;
			sourceTree = "<group>";
		};
		E93821911C5A05CF004F7EC4 /* CodeDetail */ = {
			isa = PBXGroup;
			children = (
				E93821921C5A05EA004F7EC4 /* ViewController */,
			);
			path = CodeDetail;
			sourceTree = "<group>";
		};
		E93821921C5A05EA004F7EC4 /* ViewController */ = {
			isa = PBXGroup;
			children = (
				E9E0C18F1C570C400041193A /* XZCodeViewController.h */,
				E9E0C1901C570C400041193A /* XZCodeViewController.m */,
				E9E0C1911C570C400041193A /* XZCodeViewController.xib */,
			);
			path = ViewController;
			sourceTree = "<group>";
		};
		E93821931C5A08D7004F7EC4 /* ViewController */ = {
			isa = PBXGroup;
			children = (
				E93821971C5A0B00004F7EC4 /* XZCollectionDemoViewController.h */,
				E93821981C5A0B00004F7EC4 /* XZCollectionDemoViewController.m */,
				E9BC742E1C6056320033BF4D /* XZCollectionViewLayoutViewController.h */,
				E9BC742F1C6056320033BF4D /* XZCollectionViewLayoutViewController.m */,
			);
			path = ViewController;
			sourceTree = "<group>";
		};
		E938219A1C5A0B1B004F7EC4 /* Cell */ = {
			isa = PBXGroup;
			children = (
				E938219B1C5A0B3F004F7EC4 /* XZCollectionDemoCell.h */,
				E938219C1C5A0B3F004F7EC4 /* XZCollectionDemoCell.m */,
			);
			path = Cell;
			sourceTree = "<group>";
		};
		E9522C741C58C6D900A896FF /* Layout */ = {
			isa = PBXGroup;
			children = (
				E938219E1C5A0B6F004F7EC4 /* XZCollectionLayoutStyleOne.h */,
				E938219F1C5A0B6F004F7EC4 /* XZCollectionLayoutStyleOne.m */,
				E93821A71C5A0FF8004F7EC4 /* XZCollectionLayoutStyleThree.h */,
				E93821A81C5A0FF8004F7EC4 /* XZCollectionLayoutStyleThree.m */,
				E93821A41C5A0F40004F7EC4 /* XZCollectionLayoutStyleTwo.h */,
				E93821A51C5A0F40004F7EC4 /* XZCollectionLayoutStyleTwo.m */,
			);
			path = Layout;
			sourceTree = "<group>";
		};
		E970066A1C55C8FC0071E0E3 /* DayCalendar */ = {
			isa = PBXGroup;
			children = (
				E97006711C55CBC40071E0E3 /* Cell */,
				E970066B1C55C9310071E0E3 /* ViewController */,
			);
			path = DayCalendar;
			sourceTree = "<group>";
		};
		E970066B1C55C9310071E0E3 /* ViewController */ = {
			isa = PBXGroup;
			children = (
				E970066C1C55C96C0071E0E3 /* XZDayCalendarViewController.h */,
				E970066D1C55C96C0071E0E3 /* XZDayCalendarViewController.m */,
				E970066E1C55C96C0071E0E3 /* XZDayCalendarViewController.xib */,
			);
			path = ViewController;
			sourceTree = "<group>";
		};
		E97006711C55CBC40071E0E3 /* Cell */ = {
			isa = PBXGroup;
			children = (
				E97006721C55CBF60071E0E3 /* XZDayCalendarCell.h */,
				E97006731C55CBF60071E0E3 /* XZDayCalendarCell.m */,
				E97006741C55CBF60071E0E3 /* XZDayCalendarCell.xib */,
				E97006771C5614000071E0E3 /* XZTimeRecordCell.h */,
				E97006781C5614000071E0E3 /* XZTimeRecordCell.m */,
				E97006791C5614000071E0E3 /* XZTimeRecordCell.xib */,
			);
			path = Cell;
			sourceTree = "<group>";
		};
		E970067C1C561D340071E0E3 /* TableViewKnowledge */ = {
			isa = PBXGroup;
			children = (
				E9E0C18D1C5705CE0041193A /* TableView下划线左右间距.txt */,
				E93821AA1C5A15C1004F7EC4 /* TableView不显示多余Cell.txt */,
				E93821AC1C5A1709004F7EC4 /* TableView索引.txt */,
			);
			name = TableViewKnowledge;
			path = ViewController/TableViewKnowledge;
			sourceTree = "<group>";
		};
		E984B9B61C5E173D00C00BC7 /* PopView */ = {
			isa = PBXGroup;
			children = (
				E984B9B91C5E176000C00BC7 /* View */,
				E984B9B71C5E175100C00BC7 /* ViewController */,
			);
			path = PopView;
			sourceTree = "<group>";
		};
		E984B9B71C5E175100C00BC7 /* ViewController */ = {
			isa = PBXGroup;
			children = (
				E984B9BA1C5E178100C00BC7 /* XZPopViewViewController.h */,
				E984B9BB1C5E178100C00BC7 /* XZPopViewViewController.m */,
			);
			path = ViewController;
			sourceTree = "<group>";
		};
		E984B9B91C5E176000C00BC7 /* View */ = {
			isa = PBXGroup;
			children = (
				E984B9BD1C5E18FF00C00BC7 /* XZPopView.h */,
				E984B9BE1C5E18FF00C00BC7 /* XZPopView.m */,
			);
			path = View;
			sourceTree = "<group>";
		};
		E984B9C01C5E1D9D00C00BC7 /* CommonKnowledge */ = {
			isa = PBXGroup;
			children = (
				E9F0E8581C61C85800268CE2 /* 类方法.txt */,
				E96A9E5B1C60E7E20082AAA0 /* IOS的生命周期.txt */,
				E96A9E591C60E7CC0082AAA0 /* 使用Size Class适应屏幕旋转.txt */,
				E96A9E571C60E7B50082AAA0 /* 枚举.txt */,
				E96A9E551C60E76F0082AAA0 /* 静态Cell.txt */,
				E9543F201C5F5DAB006D7BEF /* Documents、Library、tmp区别.txt */,
				E9543F1E1C5F5CE4006D7BEF /* 单例继承.txt */,
				E9543F131C5F56B5006D7BEF /* initWithCoder和initWithFrame.txt */,
				E9543F081C5F4FD4006D7BEF /* 类别和类扩展.txt */,
				E9543F031C5F480D006D7BEF /* 代理和通知的区别.txt */,
				E9543F011C5F45FD006D7BEF /* @synchronized.txt */,
				E9543EFF1C5F3FAA006D7BEF /* Block使用.txt */,
				E9543EFD1C5F3954006D7BEF /* BOOL类型.txt */,
				E9543EFB1C5F3177006D7BEF /* new和alloc init.txt */,
				E9543EF91C5F30B2006D7BEF /* OOP语言三大特征.txt */,
				E9543EF71C5F20E3006D7BEF /* 深拷贝与浅拷贝.txt */,
				E9543EF51C5F0FC0006D7BEF /* copy的setter方法.txt */,
				E9543EF31C5F0C73006D7BEF /* 单例创建.txt */,
				E9543EF11C5F0BC9006D7BEF /* Objective-C中关键字.txt */,
				E9543EEF1C5EF417006D7BEF /* ViewController的生命周期.txt */,
				E984B9C81C5E227700C00BC7 /* 内联函数.txt */,
			);
			name = CommonKnowledge;
			path = ViewController;
			sourceTree = "<group>";
		};
		E99E31F01C4F1B2E0016D25D = {
			isa = PBXGroup;
			children = (
				E99E31FA1C4F1B2E0016D25D /* Products */,
				E99E31FB1C4F1B2E0016D25D /* XZToolKit */,
				E99E32151C4F1B2E0016D25D /* XZToolKitTests */,
			);
			sourceTree = "<group>";
		};
		E99E31FA1C4F1B2E0016D25D /* Products */ = {
			isa = PBXGroup;
			children = (
				E99E31F91C4F1B2E0016D25D /* XZToolKit.app */,
				E99E32121C4F1B2E0016D25D /* XZToolKitTests.xctest */,
			);
			name = Products;
			sourceTree = "<group>";
		};
		E99E31FB1C4F1B2E0016D25D /* XZToolKit */ = {
			isa = PBXGroup;
			children = (
				E9BC74311C6056E80033BF4D /* Source */,
				E99E32211C4F1D4E0016D25D /* AppDelegate */,
				E99E32221C4F1D5A0016D25D /* Category */,
				E9A4D0621C590D3B003B8855 /* Frameworks */,
				E99E325C1C4F7E200016D25D /* General */,
				E99E32681C4F835A0016D25D /* Helper */,
				E99E32251C4F1D780016D25D /* Macro */,
				E99E31FC1C4F1B2E0016D25D /* Supporting Files */,
				E99E32581C4F6B2A0016D25D /* Utils */,
				E99E32241C4F1D6B0016D25D /* ViewController */,
				E99E32081C4F1B2E0016D25D /* Assets.xcassets */,
				E99E320D1C4F1B2E0016D25D /* Info.plist */,
			);
			path = XZToolKit;
			sourceTree = "<group>";
		};
		E99E31FC1C4F1B2E0016D25D /* Supporting Files */ = {
			isa = PBXGroup;
			children = (
				E99E32541C4F1EE70016D25D /* PrefixHeader.pch */,
				E99E31FD1C4F1B2E0016D25D /* main.m */,
			);
			path = "Supporting Files";
			sourceTree = "<group>";
		};
		E99E32151C4F1B2E0016D25D /* XZToolKitTests */ = {
			isa = PBXGroup;
			children = (
				E99E32181C4F1B2E0016D25D /* Info.plist */,
				E99E32161C4F1B2E0016D25D /* XZToolKitTests.m */,
			);
			path = XZToolKitTests;
			sourceTree = "<group>";
		};
		E99E32211C4F1D4E0016D25D /* AppDelegate */ = {
			isa = PBXGroup;
			children = (
				E99E31FF1C4F1B2E0016D25D /* AppDelegate.h */,
				E99E32001C4F1B2E0016D25D /* AppDelegate.m */,
			);
			path = AppDelegate;
			sourceTree = "<group>";
		};
		E99E32221C4F1D5A0016D25D /* Category */ = {
			isa = PBXGroup;
			children = (
				E99E32261C4F1E0B0016D25D /* NSDate+String.h */,
				E99E32271C4F1E0B0016D25D /* NSDate+String.m */,
				E99E32281C4F1E0B0016D25D /* UIButton+FillColor.h */,
				E99E32291C4F1E0B0016D25D /* UIButton+FillColor.m */,
				E99E322A1C4F1E0B0016D25D /* UIColor+HexString.h */,
				E99E322B1C4F1E0B0016D25D /* UIColor+HexString.m */,
				E99E322C1C4F1E0B0016D25D /* UINavigationController+Common.h */,
				E99E322D1C4F1E0B0016D25D /* UINavigationController+Common.m */,
				E99E322E1C4F1E0B0016D25D /* UIView+Frame.h */,
				E99E322F1C4F1E0B0016D25D /* UIView+Frame.m */,
			);
			path = Category;
			sourceTree = "<group>";
		};
		E99E32241C4F1D6B0016D25D /* ViewController */ = {
			isa = PBXGroup;
			children = (
				E9BC74241C60454B0033BF4D /* CommonListViewController */,
				E920DE311C50795800F08A9C /* AddressBook */,
				E99E32391C4F1E350016D25D /* Calendar */,
				E93821911C5A05CF004F7EC4 /* CodeDetail */,
				E93821901C5A053D004F7EC4 /* CollectionViewKnowledge */,
				E99E32481C4F1E350016D25D /* Home */,
				E9E0C2161C576A650041193A /* ImageBrowser */,
				E938216E1C59E873004F7EC4 /* PhotoAlbum */,
				E984B9B61C5E173D00C00BC7 /* PopView */,
			);
			path = ViewController;
			sourceTree = "<group>";
		};
		E99E32251C4F1D780016D25D /* Macro */ = {
			isa = PBXGroup;
			children = (
				E99E32351C4F1E1F0016D25D /* XZLogMacro.h */,
				E99E32361C4F1E1F0016D25D /* XZMacro.h */,
				E99E32371C4F1E1F0016D25D /* XZMethodMacro.h */,
				E99E32381C4F1E1F0016D25D /* XZPropertyMacro.h */,
			);
			path = Macro;
			sourceTree = "<group>";
		};
		E99E32391C4F1E350016D25D /* Calendar */ = {
			isa = PBXGroup;
			children = (
				E970066A1C55C8FC0071E0E3 /* DayCalendar */,
				E920DE451C50B56D00F08A9C /* MonthCalendar */,
				E920DE441C50B56100F08A9C /* YearCalendar */,
			);
			path = Calendar;
			sourceTree = "<group>";
		};
		E99E323A1C4F1E350016D25D /* Cell */ = {
			isa = PBXGroup;
			children = (
				E99E323B1C4F1E350016D25D /* XZCalendarCell.h */,
				E99E323C1C4F1E350016D25D /* XZCalendarCell.m */,
			);
			path = Cell;
			sourceTree = "<group>";
		};
		E99E323D1C4F1E350016D25D /* Helper */ = {
			isa = PBXGroup;
			children = (
				E99E323E1C4F1E350016D25D /* XZGlyphsHelper.h */,
				E99E323F1C4F1E350016D25D /* XZGlyphsHelper.m */,
				E99E32401C4F1E350016D25D /* XZImageHelper.h */,
				E99E32411C4F1E350016D25D /* XZImageHelper.m */,
			);
			path = Helper;
			sourceTree = "<group>";
		};
		E99E32421C4F1E350016D25D /* View */ = {
			isa = PBXGroup;
			children = (
				E99E32431C4F1E350016D25D /* XZMonthView.h */,
				E99E32441C4F1E350016D25D /* XZMonthView.m */,
			);
			path = View;
			sourceTree = "<group>";
		};
		E99E32451C4F1E350016D25D /* ViewController */ = {
			isa = PBXGroup;
			children = (
				E99E32461C4F1E350016D25D /* XZCalendarViewController.h */,
				E99E32471C4F1E350016D25D /* XZCalendarViewController.m */,
			);
			path = ViewController;
			sourceTree = "<group>";
		};
		E99E32481C4F1E350016D25D /* Home */ = {
			isa = PBXGroup;
			children = (
				E99E32491C4F1E350016D25D /* ViewController */,
			);
			path = Home;
			sourceTree = "<group>";
		};
		E99E32491C4F1E350016D25D /* ViewController */ = {
			isa = PBXGroup;
			children = (
				E99E324A1C4F1E350016D25D /* XZHomeViewController.h */,
				E99E324B1C4F1E350016D25D /* XZHomeViewController.m */,
				E99E324C1C4F1E350016D25D /* XZHomeViewController.xib */,
			);
			path = ViewController;
			sourceTree = "<group>";
		};
		E99E32581C4F6B2A0016D25D /* Utils */ = {
			isa = PBXGroup;
			children = (
				E99E32591C4F6B3D0016D25D /* XZUtils.h */,
				E99E325A1C4F6B3D0016D25D /* XZUtils.m */,
			);
			path = Utils;
			sourceTree = "<group>";
		};
		E99E325C1C4F7E200016D25D /* General */ = {
			isa = PBXGroup;
			children = (
				E99E325D1C4F7E780016D25D /* ScrollView */,
				E99E325E1C4F7F3F0016D25D /* TabBarController */,
			);
			path = General;
			sourceTree = "<group>";
		};
		E99E325D1C4F7E780016D25D /* ScrollView */ = {
			isa = PBXGroup;
			children = (
				E99E32651C4F81BE0016D25D /* XZPageControl.h */,
				E99E32661C4F81BE0016D25D /* XZPageControl.m */,
				E99E32621C4F81790016D25D /* XZScrollView.h */,
				E99E32631C4F81790016D25D /* XZScrollView.m */,
			);
			path = ScrollView;
			sourceTree = "<group>";
		};
		E99E325E1C4F7F3F0016D25D /* TabBarController */ = {
			isa = PBXGroup;
			children = (
				E99E325F1C4F7F6B0016D25D /* XZTabBarController.h */,
				E99E32601C4F7F6B0016D25D /* XZTabBarController.m */,
			);
			path = TabBarController;
			sourceTree = "<group>";
		};
		E99E32681C4F835A0016D25D /* Helper */ = {
			isa = PBXGroup;
			children = (
				E920DE2B1C50764400F08A9C /* XZAddressBookHelper.h */,
				E920DE2C1C50764400F08A9C /* XZAddressBookHelper.m */,
				E99E32691C4F83CB0016D25D /* XZTelephoneHelper.h */,
				E99E326A1C4F83CB0016D25D /* XZTelephoneHelper.m */,
			);
			path = Helper;
			sourceTree = "<group>";
		};
		E9A4D0621C590D3B003B8855 /* Frameworks */ = {
			isa = PBXGroup;
			children = (
				E9A4D05F1C59058F003B8855 /* libReveal.dylib */,
			);
			path = Frameworks;
			sourceTree = "<group>";
		};
		E9BC741C1C6042AB0033BF4D /* NavigationControllerKnowledge */ = {
			isa = PBXGroup;
			children = (
			);
			name = NavigationControllerKnowledge;
			path = ViewController;
			sourceTree = "<group>";
		};
		E9BC74241C60454B0033BF4D /* CommonListViewController */ = {
			isa = PBXGroup;
			children = (
				E9BC74251C6045710033BF4D /* ViewController */,
			);
			name = CommonListViewController;
			sourceTree = "<group>";
		};
		E9BC74251C6045710033BF4D /* ViewController */ = {
			isa = PBXGroup;
			children = (
				E9BC74261C6045900033BF4D /* XZCommonListViewController.h */,
				E9BC74271C6045900033BF4D /* XZCommonListViewController.m */,
				E9BC74281C6045900033BF4D /* XZCommonListViewController.xib */,
			);
			name = ViewController;
			sourceTree = "<group>";
		};
		E9BC74311C6056E80033BF4D /* Source */ = {
			isa = PBXGroup;
			children = (
				E9F0E8551C61A88C00268CE2 /* AblumSourceKnowledge */,
				E970067C1C561D340071E0E3 /* TableViewKnowledge */,
				E984B9C01C5E1D9D00C00BC7 /* CommonKnowledge */,
				E9BC741C1C6042AB0033BF4D /* NavigationControllerKnowledge */,
			);
			name = Source;
			sourceTree = "<group>";
		};
		E9BC74321C60878B0033BF4D /* Helper */ = {
			isa = PBXGroup;
			children = (
				E9F0E8521C61A3A700268CE2 /* XZAlbumHelper.h */,
				E9F0E8531C61A3A700268CE2 /* XZAlbumHelper.m */,
			);
			name = Helper;
			sourceTree = "<group>";
		};
		E9E0C2161C576A650041193A /* ImageBrowser */ = {
			isa = PBXGroup;
			children = (
				E9E0C21D1C5772F60041193A /* Cell */,
				E9E0C2171C576C200041193A /* ViewController */,
			);
			path = ImageBrowser;
			sourceTree = "<group>";
		};
		E9E0C2171C576C200041193A /* ViewController */ = {
			isa = PBXGroup;
			children = (
				E9E0C2181C576C4F0041193A /* XZImageBrowserViewController.h */,
				E9E0C2191C576C4F0041193A /* XZImageBrowserViewController.m */,
				E9E0C21A1C576C4F0041193A /* XZImageBrowserViewController.xib */,
			);
			path = ViewController;
			sourceTree = "<group>";
		};
		E9E0C21D1C5772F60041193A /* Cell */ = {
			isa = PBXGroup;
			children = (
				E9A4D05A1C59000C003B8855 /* XZImageBrowserCell.h */,
				E9A4D05B1C59000C003B8855 /* XZImageBrowserCell.m */,
				E9A4D05C1C59000C003B8855 /* XZImageBrowserCell.xib */,
			);
			path = Cell;
			sourceTree = "<group>";
		};
		E9F0E8551C61A88C00268CE2 /* AblumSourceKnowledge */ = {
			isa = PBXGroup;
			children = (
				E908D0C81C61EFE400F95A8F /* ALAssetsLibrary.txt */,
				E908D0C61C61E1CD00F95A8F /* ALAssetsFilter.txt */,
				E908D0C41C61E00900F95A8F /* ALAssetsGroup.txt */,
				E908D0C21C61D71200F95A8F /* ALAsset.txt */,
				E9F0E8561C61A8A400268CE2 /* ALAssetRepresentation.txt */,
			);
			name = AblumSourceKnowledge;
			sourceTree = "<group>";
		};
/* End PBXGroup section */

/* Begin PBXNativeTarget section */
		E99E31F81C4F1B2E0016D25D /* XZToolKit */ = {
			isa = PBXNativeTarget;
			buildConfigurationList = E99E321B1C4F1B2E0016D25D /* Build configuration list for PBXNativeTarget "XZToolKit" */;
			buildPhases = (
				E99E31F51C4F1B2E0016D25D /* Sources */,
				E99E31F61C4F1B2E0016D25D /* Frameworks */,
				E99E31F71C4F1B2E0016D25D /* Resources */,
			);
			buildRules = (
			);
			dependencies = (
			);
			name = XZToolKit;
			productName = XZToolKit;
			productReference = E99E31F91C4F1B2E0016D25D /* XZToolKit.app */;
			productType = "com.apple.product-type.application";
		};
		E99E32111C4F1B2E0016D25D /* XZToolKitTests */ = {
			isa = PBXNativeTarget;
			buildConfigurationList = E99E321E1C4F1B2E0016D25D /* Build configuration list for PBXNativeTarget "XZToolKitTests" */;
			buildPhases = (
				E99E320E1C4F1B2E0016D25D /* Sources */,
				E99E320F1C4F1B2E0016D25D /* Frameworks */,
				E99E32101C4F1B2E0016D25D /* Resources */,
			);
			buildRules = (
			);
			dependencies = (
				E99E32141C4F1B2E0016D25D /* PBXTargetDependency */,
			);
			name = XZToolKitTests;
			productName = XZToolKitTests;
			productReference = E99E32121C4F1B2E0016D25D /* XZToolKitTests.xctest */;
			productType = "com.apple.product-type.bundle.unit-test";
		};
/* End PBXNativeTarget section */

/* Begin PBXProject section */
		E99E31F11C4F1B2E0016D25D /* Project object */ = {
			isa = PBXProject;
			attributes = {
				LastUpgradeCheck = 0720;
				ORGANIZATIONNAME = xuzhang;
				TargetAttributes = {
					E99E31F81C4F1B2E0016D25D = {
						CreatedOnToolsVersion = 7.2;
					};
					E99E32111C4F1B2E0016D25D = {
						CreatedOnToolsVersion = 7.2;
						TestTargetID = E99E31F81C4F1B2E0016D25D;
					};
				};
			};
			buildConfigurationList = E99E31F41C4F1B2E0016D25D /* Build configuration list for PBXProject "XZToolKit" */;
			compatibilityVersion = "Xcode 3.2";
			developmentRegion = English;
			hasScannedForEncodings = 0;
			knownRegions = (
				en,
				Base,
			);
			mainGroup = E99E31F01C4F1B2E0016D25D;
			productRefGroup = E99E31FA1C4F1B2E0016D25D /* Products */;
			projectDirPath = "";
			projectRoot = "";
			targets = (
				E99E31F81C4F1B2E0016D25D /* XZToolKit */,
				E99E32111C4F1B2E0016D25D /* XZToolKitTests */,
			);
		};
/* End PBXProject section */

/* Begin PBXResourcesBuildPhase section */
		E99E31F71C4F1B2E0016D25D /* Resources */ = {
			isa = PBXResourcesBuildPhase;
			buildActionMask = 2147483647;
			files = (
				E9543F091C5F4FD4006D7BEF /* 类别和类扩展.txt in Resources */,
				E96A9E561C60E76F0082AAA0 /* 静态Cell.txt in Resources */,
				E96A9E5C1C60E7E20082AAA0 /* IOS的生命周期.txt in Resources */,
				E9A4D0611C5905B3003B8855 /* libReveal.dylib in Resources */,
				E908D0C51C61E00900F95A8F /* ALAssetsGroup.txt in Resources */,
				E9543EF81C5F20E3006D7BEF /* 深拷贝与浅拷贝.txt in Resources */,
				E908D0C91C61EFE400F95A8F /* ALAssetsLibrary.txt in Resources */,
				E938218B1C59F167004F7EC4 /* 5.png in Resources */,
				E9543F211C5F5DAB006D7BEF /* Documents、Library、tmp区别.txt in Resources */,
				E9543F041C5F480D006D7BEF /* 代理和通知的区别.txt in Resources */,
				E9543EFC1C5F3177006D7BEF /* new和alloc init.txt in Resources */,
				E9A4D05E1C59000C003B8855 /* XZImageBrowserCell.xib in Resources */,
				E9543EF41C5F0C73006D7BEF /* 单例创建.txt in Resources */,
				E9543F1F1C5F5CE4006D7BEF /* 单例继承.txt in Resources */,
				E99E32531C4F1E350016D25D /* XZHomeViewController.xib in Resources */,
				E93821741C59E8B3004F7EC4 /* XZPhotoAlbumViewController.xib in Resources */,
				E9543EF61C5F0FC0006D7BEF /* copy的setter方法.txt in Resources */,
				E9543EFA1C5F30B2006D7BEF /* OOP语言三大特征.txt in Resources */,
				E96A9E5A1C60E7CC0082AAA0 /* 使用Size Class适应屏幕旋转.txt in Resources */,
				E9543EF21C5F0BC9006D7BEF /* Objective-C中关键字.txt in Resources */,
				E9543F001C5F3FAA006D7BEF /* Block使用.txt in Resources */,
				E97006761C55CBF60071E0E3 /* XZDayCalendarCell.xib in Resources */,
				E920DE401C5098BB00F08A9C /* XZAddressBookCell.xib in Resources */,
				E97006701C55C96C0071E0E3 /* XZDayCalendarViewController.xib in Resources */,
				E96A9E581C60E7B50082AAA0 /* 枚举.txt in Resources */,
				E938218D1C59F167004F7EC4 /* 3.png in Resources */,
				E9E0C1931C570C400041193A /* XZCodeViewController.xib in Resources */,
				E9BC742A1C6045900033BF4D /* XZCommonListViewController.xib in Resources */,
				E9F0E8591C61C85800268CE2 /* 类方法.txt in Resources */,
				E970067B1C5614000071E0E3 /* XZTimeRecordCell.xib in Resources */,
				E93821AB1C5A15C1004F7EC4 /* TableView不显示多余Cell.txt in Resources */,
				E9543EFE1C5F3954006D7BEF /* BOOL类型.txt in Resources */,
				E9F0E8571C61A8A400268CE2 /* ALAssetRepresentation.txt in Resources */,
				E908D0C71C61E1CD00F95A8F /* ALAssetsFilter.txt in Resources */,
				E93821AD1C5A1709004F7EC4 /* TableView索引.txt in Resources */,
				E938218C1C59F167004F7EC4 /* 4.png in Resources */,
				E908D0C31C61D71200F95A8F /* ALAsset.txt in Resources */,
				E938217A1C59E988004F7EC4 /* XZPhotoAblumCell.xib in Resources */,
				E938218F1C59F167004F7EC4 /* 2.png in Resources */,
				E9E0C18E1C5705CE0041193A /* TableView下划线左右间距.txt in Resources */,
				E99E32091C4F1B2E0016D25D /* Assets.xcassets in Resources */,
				E9543F021C5F45FD006D7BEF /* @synchronized.txt in Resources */,
				E9543F141C5F56B6006D7BEF /* initWithCoder和initWithFrame.txt in Resources */,
				E938218E1C59F167004F7EC4 /* 1.png in Resources */,
				E9543EF01C5EF417006D7BEF /* ViewController的生命周期.txt in Resources */,
				E984B9C91C5E227700C00BC7 /* 内联函数.txt in Resources */,
				E9E0C21C1C576C4F0041193A /* XZImageBrowserViewController.xib in Resources */,
				E920DE4B1C50B7CB00F08A9C /* XZMonthCalendarViewController.xib in Resources */,
			);
			runOnlyForDeploymentPostprocessing = 0;
		};
		E99E32101C4F1B2E0016D25D /* Resources */ = {
			isa = PBXResourcesBuildPhase;
			buildActionMask = 2147483647;
			files = (
			);
			runOnlyForDeploymentPostprocessing = 0;
		};
/* End PBXResourcesBuildPhase section */

/* Begin PBXSourcesBuildPhase section */
		E99E31F51C4F1B2E0016D25D /* Sources */ = {
			isa = PBXSourcesBuildPhase;
			buildActionMask = 2147483647;
			files = (
				E9E0C21B1C576C4F0041193A /* XZImageBrowserViewController.m in Sources */,
				E9318B651C51E9380039D357 /* XZTipView.m in Sources */,
				E93821A91C5A0FF8004F7EC4 /* XZCollectionLayoutStyleThree.m in Sources */,
				E99E32611C4F7F6B0016D25D /* XZTabBarController.m in Sources */,
				E99E324E1C4F1E350016D25D /* XZGlyphsHelper.m in Sources */,
				E984B9BC1C5E178100C00BC7 /* XZPopViewViewController.m in Sources */,
				E93821A01C5A0B6F004F7EC4 /* XZCollectionLayoutStyleOne.m in Sources */,
				E938219D1C5A0B3F004F7EC4 /* XZCollectionDemoCell.m in Sources */,
				E99E324F1C4F1E350016D25D /* XZImageHelper.m in Sources */,
				E93821731C59E8B3004F7EC4 /* XZPhotoAlbumViewController.m in Sources */,
				E99E32331C4F1E0B0016D25D /* UINavigationController+Common.m in Sources */,
				E920DE581C50CD6D00F08A9C /* XZDayView.m in Sources */,
				E97006751C55CBF60071E0E3 /* XZDayCalendarCell.m in Sources */,
				E99E32321C4F1E0B0016D25D /* UIColor+HexString.m in Sources */,
				E920DE4F1C50BE5C00F08A9C /* XZMonthCalendarCell.m in Sources */,
				E93821A61C5A0F40004F7EC4 /* XZCollectionLayoutStyleTwo.m in Sources */,
				E99E32641C4F81790016D25D /* XZScrollView.m in Sources */,
				E99E326B1C4F83CB0016D25D /* XZTelephoneHelper.m in Sources */,
				E99E32521C4F1E350016D25D /* XZHomeViewController.m in Sources */,
				E93821791C59E988004F7EC4 /* XZPhotoAblumCell.m in Sources */,
				E970066F1C55C96C0071E0E3 /* XZDayCalendarViewController.m in Sources */,
				E970067A1C5614000071E0E3 /* XZTimeRecordCell.m in Sources */,
				E99E325B1C4F6B3D0016D25D /* XZUtils.m in Sources */,
				E99E32511C4F1E350016D25D /* XZCalendarViewController.m in Sources */,
				E93821991C5A0B00004F7EC4 /* XZCollectionDemoViewController.m in Sources */,
				E984B9BF1C5E18FF00C00BC7 /* XZPopView.m in Sources */,
				E9BC74291C6045900033BF4D /* XZCommonListViewController.m in Sources */,
				E920DE2D1C50764400F08A9C /* XZAddressBookHelper.m in Sources */,
				E99E32301C4F1E0B0016D25D /* NSDate+String.m in Sources */,
				E9E0C1921C570C400041193A /* XZCodeViewController.m in Sources */,
				E920DE3F1C5098BB00F08A9C /* XZAddressBookCell.m in Sources */,
				E99E32341C4F1E0B0016D25D /* UIView+Frame.m in Sources */,
				E9F0E8541C61A3A700268CE2 /* XZAlbumHelper.m in Sources */,
				E99E32011C4F1B2E0016D25D /* AppDelegate.m in Sources */,
				E99E32671C4F81BE0016D25D /* XZPageControl.m in Sources */,
				E9A4D05D1C59000C003B8855 /* XZImageBrowserCell.m in Sources */,
				E99E32501C4F1E350016D25D /* XZMonthView.m in Sources */,
				E99E32311C4F1E0B0016D25D /* UIButton+FillColor.m in Sources */,
				E99E31FE1C4F1B2E0016D25D /* main.m in Sources */,
				E920DE4A1C50B7CB00F08A9C /* XZMonthCalendarViewController.m in Sources */,
				E920DE351C5079C800F08A9C /* XZAddressBookViewController.m in Sources */,
				E99E324D1C4F1E350016D25D /* XZCalendarCell.m in Sources */,
				E9BC74301C6056320033BF4D /* XZCollectionViewLayoutViewController.m in Sources */,
			);
			runOnlyForDeploymentPostprocessing = 0;
		};
		E99E320E1C4F1B2E0016D25D /* Sources */ = {
			isa = PBXSourcesBuildPhase;
			buildActionMask = 2147483647;
			files = (
				E99E32171C4F1B2E0016D25D /* XZToolKitTests.m in Sources */,
			);
			runOnlyForDeploymentPostprocessing = 0;
		};
/* End PBXSourcesBuildPhase section */

/* Begin PBXTargetDependency section */
		E99E32141C4F1B2E0016D25D /* PBXTargetDependency */ = {
			isa = PBXTargetDependency;
			target = E99E31F81C4F1B2E0016D25D /* XZToolKit */;
			targetProxy = E99E32131C4F1B2E0016D25D /* PBXContainerItemProxy */;
		};
/* End PBXTargetDependency section */

/* Begin XCBuildConfiguration section */
		E99E32191C4F1B2E0016D25D /* Debug */ = {
			isa = XCBuildConfiguration;
			buildSettings = {
				ALWAYS_SEARCH_USER_PATHS = NO;
				CLANG_CXX_LANGUAGE_STANDARD = "gnu++0x";
				CLANG_CXX_LIBRARY = "libc++";
				CLANG_ENABLE_MODULES = YES;
				CLANG_ENABLE_OBJC_ARC = YES;
				CLANG_WARN_BOOL_CONVERSION = YES;
				CLANG_WARN_CONSTANT_CONVERSION = YES;
				CLANG_WARN_DIRECT_OBJC_ISA_USAGE = YES_ERROR;
				CLANG_WARN_EMPTY_BODY = YES;
				CLANG_WARN_ENUM_CONVERSION = YES;
				CLANG_WARN_INT_CONVERSION = YES;
				CLANG_WARN_OBJC_ROOT_CLASS = YES_ERROR;
				CLANG_WARN_UNREACHABLE_CODE = YES;
				CLANG_WARN__DUPLICATE_METHOD_MATCH = YES;
				"CODE_SIGN_IDENTITY[sdk=iphoneos*]" = "iPhone Developer";
				COPY_PHASE_STRIP = NO;
				DEBUG_INFORMATION_FORMAT = dwarf;
				ENABLE_STRICT_OBJC_MSGSEND = YES;
				ENABLE_TESTABILITY = YES;
				GCC_C_LANGUAGE_STANDARD = gnu99;
				GCC_DYNAMIC_NO_PIC = NO;
				GCC_NO_COMMON_BLOCKS = YES;
				GCC_OPTIMIZATION_LEVEL = 0;
				GCC_PREPROCESSOR_DEFINITIONS = (
					"DEBUG=1",
					"$(inherited)",
				);
				GCC_WARN_64_TO_32_BIT_CONVERSION = YES;
				GCC_WARN_ABOUT_RETURN_TYPE = YES_ERROR;
				GCC_WARN_UNDECLARED_SELECTOR = YES;
				GCC_WARN_UNINITIALIZED_AUTOS = YES_AGGRESSIVE;
				GCC_WARN_UNUSED_FUNCTION = YES;
				GCC_WARN_UNUSED_VARIABLE = YES;
				IPHONEOS_DEPLOYMENT_TARGET = 9.2;
				MTL_ENABLE_DEBUG_INFO = YES;
				ONLY_ACTIVE_ARCH = YES;
				SDKROOT = iphoneos;
				TARGETED_DEVICE_FAMILY = "1,2";
			};
			name = Debug;
		};
		E99E321A1C4F1B2E0016D25D /* Release */ = {
			isa = XCBuildConfiguration;
			buildSettings = {
				ALWAYS_SEARCH_USER_PATHS = NO;
				CLANG_CXX_LANGUAGE_STANDARD = "gnu++0x";
				CLANG_CXX_LIBRARY = "libc++";
				CLANG_ENABLE_MODULES = YES;
				CLANG_ENABLE_OBJC_ARC = YES;
				CLANG_WARN_BOOL_CONVERSION = YES;
				CLANG_WARN_CONSTANT_CONVERSION = YES;
				CLANG_WARN_DIRECT_OBJC_ISA_USAGE = YES_ERROR;
				CLANG_WARN_EMPTY_BODY = YES;
				CLANG_WARN_ENUM_CONVERSION = YES;
				CLANG_WARN_INT_CONVERSION = YES;
				CLANG_WARN_OBJC_ROOT_CLASS = YES_ERROR;
				CLANG_WARN_UNREACHABLE_CODE = YES;
				CLANG_WARN__DUPLICATE_METHOD_MATCH = YES;
				"CODE_SIGN_IDENTITY[sdk=iphoneos*]" = "iPhone Developer";
				COPY_PHASE_STRIP = NO;
				DEBUG_INFORMATION_FORMAT = "dwarf-with-dsym";
				ENABLE_NS_ASSERTIONS = NO;
				ENABLE_STRICT_OBJC_MSGSEND = YES;
				GCC_C_LANGUAGE_STANDARD = gnu99;
				GCC_NO_COMMON_BLOCKS = YES;
				GCC_WARN_64_TO_32_BIT_CONVERSION = YES;
				GCC_WARN_ABOUT_RETURN_TYPE = YES_ERROR;
				GCC_WARN_UNDECLARED_SELECTOR = YES;
				GCC_WARN_UNINITIALIZED_AUTOS = YES_AGGRESSIVE;
				GCC_WARN_UNUSED_FUNCTION = YES;
				GCC_WARN_UNUSED_VARIABLE = YES;
				IPHONEOS_DEPLOYMENT_TARGET = 9.2;
				MTL_ENABLE_DEBUG_INFO = NO;
				SDKROOT = iphoneos;
				TARGETED_DEVICE_FAMILY = "1,2";
				VALIDATE_PRODUCT = YES;
			};
			name = Release;
		};
		E99E321C1C4F1B2E0016D25D /* Debug */ = {
			isa = XCBuildConfiguration;
			buildSettings = {
				ASSETCATALOG_COMPILER_APPICON_NAME = AppIcon;
				ASSETCATALOG_COMPILER_LAUNCHIMAGE_NAME = LaunchImage;
				CODE_SIGN_IDENTITY = "iPhone Developer";
				GCC_PREFIX_HEADER = "$(SRCROOT)/XZToolKit/Supporting Files/PrefixHeader.pch";
				INFOPLIST_FILE = XZToolKit/Info.plist;
				IPHONEOS_DEPLOYMENT_TARGET = 7.0;
				LD_RUNPATH_SEARCH_PATHS = "$(inherited) @executable_path/Frameworks";
				LIBRARY_SEARCH_PATHS = (
					"$(inherited)",
					"$(PROJECT_DIR)",
				);
				PRODUCT_BUNDLE_IDENTIFIER = xuzhang.XZToolKit;
				PRODUCT_NAME = "$(TARGET_NAME)";
				TARGETED_DEVICE_FAMILY = 1;
			};
			name = Debug;
		};
		E99E321D1C4F1B2E0016D25D /* Release */ = {
			isa = XCBuildConfiguration;
			buildSettings = {
				ASSETCATALOG_COMPILER_APPICON_NAME = AppIcon;
				ASSETCATALOG_COMPILER_LAUNCHIMAGE_NAME = LaunchImage;
				CODE_SIGN_IDENTITY = "iPhone Developer";
				GCC_PREFIX_HEADER = "$(SRCROOT)/XZToolKit/Supporting Files/PrefixHeader.pch";
				INFOPLIST_FILE = XZToolKit/Info.plist;
				IPHONEOS_DEPLOYMENT_TARGET = 7.0;
				LD_RUNPATH_SEARCH_PATHS = "$(inherited) @executable_path/Frameworks";
				LIBRARY_SEARCH_PATHS = (
					"$(inherited)",
					"$(PROJECT_DIR)",
				);
				PRODUCT_BUNDLE_IDENTIFIER = xuzhang.XZToolKit;
				PRODUCT_NAME = "$(TARGET_NAME)";
				TARGETED_DEVICE_FAMILY = 1;
			};
			name = Release;
		};
		E99E321F1C4F1B2E0016D25D /* Debug */ = {
			isa = XCBuildConfiguration;
			buildSettings = {
				BUNDLE_LOADER = "$(TEST_HOST)";
				INFOPLIST_FILE = XZToolKitTests/Info.plist;
				LD_RUNPATH_SEARCH_PATHS = "$(inherited) @executable_path/Frameworks @loader_path/Frameworks";
				PRODUCT_BUNDLE_IDENTIFIER = xuzhang.XZToolKitTests;
				PRODUCT_NAME = "$(TARGET_NAME)";
				TEST_HOST = "$(BUILT_PRODUCTS_DIR)/XZToolKit.app/XZToolKit";
			};
			name = Debug;
		};
		E99E32201C4F1B2E0016D25D /* Release */ = {
			isa = XCBuildConfiguration;
			buildSettings = {
				BUNDLE_LOADER = "$(TEST_HOST)";
				INFOPLIST_FILE = XZToolKitTests/Info.plist;
				LD_RUNPATH_SEARCH_PATHS = "$(inherited) @executable_path/Frameworks @loader_path/Frameworks";
				PRODUCT_BUNDLE_IDENTIFIER = xuzhang.XZToolKitTests;
				PRODUCT_NAME = "$(TARGET_NAME)";
				TEST_HOST = "$(BUILT_PRODUCTS_DIR)/XZToolKit.app/XZToolKit";
			};
			name = Release;
		};
/* End XCBuildConfiguration section */

/* Begin XCConfigurationList section */
		E99E31F41C4F1B2E0016D25D /* Build configuration list for PBXProject "XZToolKit" */ = {
			isa = XCConfigurationList;
			buildConfigurations = (
				E99E32191C4F1B2E0016D25D /* Debug */,
				E99E321A1C4F1B2E0016D25D /* Release */,
			);
			defaultConfigurationIsVisible = 0;
			defaultConfigurationName = Release;
		};
		E99E321B1C4F1B2E0016D25D /* Build configuration list for PBXNativeTarget "XZToolKit" */ = {
			isa = XCConfigurationList;
			buildConfigurations = (
				E99E321C1C4F1B2E0016D25D /* Debug */,
				E99E321D1C4F1B2E0016D25D /* Release */,
			);
			defaultConfigurationIsVisible = 0;
			defaultConfigurationName = Release;
		};
		E99E321E1C4F1B2E0016D25D /* Build configuration list for PBXNativeTarget "XZToolKitTests" */ = {
			isa = XCConfigurationList;
			buildConfigurations = (
				E99E321F1C4F1B2E0016D25D /* Debug */,
				E99E32201C4F1B2E0016D25D /* Release */,
			);
			defaultConfigurationIsVisible = 0;
			defaultConfigurationName = Release;
		};
/* End XCConfigurationList section */
	};
	rootObject = E99E31F11C4F1B2E0016D25D /* Project object */;
}
